{
  "name": "takoyaki",
  "version": "0.0.12",
  "lockfileVersion": 1,
  "requires": true,
  "dependencies": {
    "@ethersproject/abi": {
      "version": "5.0.0-beta.136",
      "resolved": "https://registry.npmjs.org/@ethersproject/abi/-/abi-5.0.0-beta.136.tgz",
      "integrity": "sha512-2CLOIM6mg80iTdsxvbxnlUBkYiuD0BwTx/SexZLg/I2+WLix75o7OQyM3P1sxmXHd6JvU/bkUzbbjI+TWAbzEg==",
      "requires": {
        "@ethersproject/address": ">5.0.0-beta.0",
        "@ethersproject/bignumber": ">5.0.0-beta.0",
        "@ethersproject/bytes": ">5.0.0-beta.0",
        "@ethersproject/constants": ">5.0.0-beta.0",
        "@ethersproject/hash": ">5.0.0-beta.0",
        "@ethersproject/keccak256": ">5.0.0-beta.0",
        "@ethersproject/logger": ">5.0.0-beta.0",
        "@ethersproject/properties": ">5.0.0-beta.0",
        "@ethersproject/strings": ">5.0.0-beta.0"
      }
    },
    "@ethersproject/abstract-provider": {
      "version": "5.0.0-beta.130",
      "resolved": "https://registry.npmjs.org/@ethersproject/abstract-provider/-/abstract-provider-5.0.0-beta.130.tgz",
      "integrity": "sha512-lPrUp9JJ0whHm54bdwPguBHzG1887LRP5OLe3RdPudMCBcZ9yf1gTGAowGig8yDY8cd2UsNDGl3FX0VfVNrM2Q==",
      "requires": {
        "@ethersproject/bignumber": ">5.0.0-beta.0",
        "@ethersproject/bytes": ">5.0.0-beta.0",
        "@ethersproject/logger": ">5.0.0-beta.0",
        "@ethersproject/networks": ">5.0.0-beta.0",
        "@ethersproject/properties": ">5.0.0-beta.0",
        "@ethersproject/transactions": ">5.0.0-beta.0",
        "@ethersproject/web": ">5.0.0-beta.0"
      }
    },
    "@ethersproject/abstract-signer": {
      "version": "5.0.0-beta.131",
      "resolved": "https://registry.npmjs.org/@ethersproject/abstract-signer/-/abstract-signer-5.0.0-beta.131.tgz",
      "integrity": "sha512-S0MDsEdLUJfKF4mPxxGNcTthHcGOAmq22RSw5JC0azp4muXRH7PwWxxmTGGmi0QB+9zaisxmLKUacyv/L74QoQ==",
      "requires": {
        "@ethersproject/abstract-provider": ">5.0.0-beta.0",
        "@ethersproject/bignumber": ">5.0.0-beta.0",
        "@ethersproject/bytes": ">5.0.0-beta.0",
        "@ethersproject/logger": ">5.0.0-beta.0",
        "@ethersproject/properties": ">5.0.0-beta.0"
      }
    },
    "@ethersproject/address": {
      "version": "5.0.0-beta.127",
      "resolved": "https://registry.npmjs.org/@ethersproject/address/-/address-5.0.0-beta.127.tgz",
      "integrity": "sha512-xHENyIzB56DO98Bs8EM4x09ssSS5Iy/7ZCDDwPuXnYefMrLOCrlZYFw1+hKNz27gUVJSQMxIDK/g8J6Gs3pE6g==",
      "requires": {
        "@ethersproject/bignumber": ">5.0.0-beta.0",
        "@ethersproject/bytes": ">5.0.0-beta.0",
        "@ethersproject/keccak256": ">5.0.0-beta.0",
        "@ethersproject/logger": ">5.0.0-beta.0",
        "@ethersproject/rlp": ">5.0.0-beta.0",
        "bn.js": "^4.4.0"
      }
    },
    "@ethersproject/base64": {
      "version": "5.0.0-beta.125",
      "resolved": "https://registry.npmjs.org/@ethersproject/base64/-/base64-5.0.0-beta.125.tgz",
      "integrity": "sha512-Xivjqplse4Pt2a7elPX8QSP9ezNZ70YI6Aevc/t5AL/8kkxiTWvO4dtvjEyqm/d8jU0iSA5o7R44O8g6V6z54g==",
      "requires": {
        "@ethersproject/bytes": ">5.0.0-beta.0"
      }
    },
    "@ethersproject/basex": {
      "version": "5.0.0-beta.126",
      "resolved": "https://registry.npmjs.org/@ethersproject/basex/-/basex-5.0.0-beta.126.tgz",
      "integrity": "sha512-jnlvP9aRhEQv0nn48qC0HFFDkV2WTmUNCXkXi90hUxrjJP8zGJdxsqPGSQU2R2Du4BTHHvxKAcsirGZ6dIGVLA==",
      "requires": {
        "@ethersproject/bytes": ">5.0.0-beta.0",
        "@ethersproject/properties": ">5.0.0-beta.0"
      }
    },
    "@ethersproject/bignumber": {
      "version": "5.0.0-beta.129",
      "resolved": "https://registry.npmjs.org/@ethersproject/bignumber/-/bignumber-5.0.0-beta.129.tgz",
      "integrity": "sha512-uT8tnOWB9OwHq+17YrI/jppVOnqSNfj3WfTBXljb38Vq/oLKMlma7z8KFB4Ua3w0gtK2hawgpI+5M3uE+qxs5w==",
      "requires": {
        "@ethersproject/bytes": ">5.0.0-beta.0",
        "@ethersproject/logger": ">5.0.0-beta.0",
        "@ethersproject/properties": ">5.0.0-beta.0",
        "bn.js": "^4.4.0"
      }
    },
    "@ethersproject/bytes": {
      "version": "5.0.0-beta.128",
      "resolved": "https://registry.npmjs.org/@ethersproject/bytes/-/bytes-5.0.0-beta.128.tgz",
      "integrity": "sha512-LvH0nZ7gR7pJAiAGWa3PxmSZcBtqhU70e9mTWFJirfOpXb8QqomGDdmU3I3cz9PsPnwkv3TD/NYwFRXzlpiiNw==",
      "requires": {
        "@ethersproject/logger": ">5.0.0-beta.0"
      }
    },
    "@ethersproject/constants": {
      "version": "5.0.0-beta.127",
      "resolved": "https://registry.npmjs.org/@ethersproject/constants/-/constants-5.0.0-beta.127.tgz",
      "integrity": "sha512-JNsDHD4w50Rg3kB08FStN1f7vCZ2e428MsDckF7YOQK96l2poC14wrek/GEbaUV96MxubSXmLeV7uDffp8NFew==",
      "requires": {
        "@ethersproject/bignumber": ">5.0.0-beta.0"
      }
    },
    "@ethersproject/contracts": {
      "version": "5.0.0-beta.136",
      "resolved": "https://registry.npmjs.org/@ethersproject/contracts/-/contracts-5.0.0-beta.136.tgz",
      "integrity": "sha512-m46SCwBXb0trrTDBjf8jH8lNVu2H3/9KdmsDxujFgE7Tu6urng9U5upt7cjNpuZ+XuJWXvjBoDEEf7WQojCeYQ==",
      "requires": {
        "@ethersproject/abi": ">5.0.0-beta.0",
        "@ethersproject/abstract-provider": ">5.0.0-beta.0",
        "@ethersproject/abstract-signer": ">5.0.0-beta.0",
        "@ethersproject/address": ">5.0.0-beta.0",
        "@ethersproject/bignumber": ">5.0.0-beta.0",
        "@ethersproject/bytes": ">5.0.0-beta.0",
        "@ethersproject/constants": ">5.0.0-beta.0",
        "@ethersproject/logger": ">5.0.0-beta.0",
        "@ethersproject/properties": ">5.0.0-beta.0",
        "@ethersproject/transactions": ">5.0.0-beta.0"
      }
    },
    "@ethersproject/hash": {
      "version": "5.0.0-beta.127",
      "resolved": "https://registry.npmjs.org/@ethersproject/hash/-/hash-5.0.0-beta.127.tgz",
      "integrity": "sha512-OSRY+tecCCUjipBytwK4anYG1e8lQbrI6LVkKzuAn26n6QVEzRoBK2KDrl8FBgnEGXDJHzZFmULECW4DwYgjUg==",
      "requires": {
        "@ethersproject/bytes": ">5.0.0-beta.0",
        "@ethersproject/keccak256": ">5.0.0-beta.0",
        "@ethersproject/logger": ">5.0.0-beta.0",
        "@ethersproject/strings": ">5.0.0-beta.0"
      }
    },
    "@ethersproject/hdnode": {
      "version": "5.0.0-beta.129",
      "resolved": "https://registry.npmjs.org/@ethersproject/hdnode/-/hdnode-5.0.0-beta.129.tgz",
      "integrity": "sha512-baBSWWkCa3jI4sEbbYshRQ28acggip4V9ZwHbiE30s1PiKper1Z7tvtw9KsHPYEoUKrF8lKHVXpxRpfhnyoItQ==",
      "requires": {
        "@ethersproject/abstract-signer": ">5.0.0-beta.0",
        "@ethersproject/basex": ">5.0.0-beta.0",
        "@ethersproject/bignumber": ">5.0.0-beta.0",
        "@ethersproject/bytes": ">5.0.0-beta.0",
        "@ethersproject/logger": ">5.0.0-beta.0",
        "@ethersproject/pbkdf2": ">5.0.0-beta.0",
        "@ethersproject/properties": ">5.0.0-beta.0",
        "@ethersproject/sha2": ">5.0.0-beta.0",
        "@ethersproject/signing-key": ">5.0.0-beta.0",
        "@ethersproject/strings": ">5.0.0-beta.0",
        "@ethersproject/transactions": ">5.0.0-beta.0",
        "@ethersproject/wordlists": ">5.0.0-beta.0"
      }
    },
    "@ethersproject/json-wallets": {
      "version": "5.0.0-beta.128",
      "resolved": "https://registry.npmjs.org/@ethersproject/json-wallets/-/json-wallets-5.0.0-beta.128.tgz",
      "integrity": "sha512-gPORBCOZuoPAtj6rEWjq4/zPzp8zprBynJn3YH7PEFn0zMpVlIq8ob3hS8Jy8EKq/6qiD6V+QjTSK2EDH27V9A==",
      "requires": {
        "@ethersproject/abstract-signer": ">5.0.0-beta.0",
        "@ethersproject/address": ">5.0.0-beta.0",
        "@ethersproject/bytes": ">5.0.0-beta.0",
        "@ethersproject/hdnode": ">5.0.0-beta.0",
        "@ethersproject/keccak256": ">5.0.0-beta.0",
        "@ethersproject/logger": ">5.0.0-beta.0",
        "@ethersproject/pbkdf2": ">5.0.0-beta.0",
        "@ethersproject/properties": ">5.0.0-beta.0",
        "@ethersproject/random": ">5.0.0-beta.0",
        "@ethersproject/strings": ">5.0.0-beta.0",
        "@ethersproject/transactions": ">5.0.0-beta.0",
        "aes-js": "3.0.0",
        "scrypt-js": "2.0.4",
        "uuid": "2.0.1"
      }
    },
    "@ethersproject/keccak256": {
      "version": "5.0.0-beta.126",
      "resolved": "https://registry.npmjs.org/@ethersproject/keccak256/-/keccak256-5.0.0-beta.126.tgz",
      "integrity": "sha512-po/Yh+VakW1etttj7Ll8it9fZdoQBN2GD/6ZyHIIv5Oxh2bdNMruxKGfgsafxbuIvWZmBsQ+6FNJKO1ICdARzQ==",
      "requires": {
        "@ethersproject/bytes": ">5.0.0-beta.0",
        "js-sha3": "0.5.7"
      }
    },
    "@ethersproject/logger": {
      "version": "5.0.0-beta.128",
      "resolved": "https://registry.npmjs.org/@ethersproject/logger/-/logger-5.0.0-beta.128.tgz",
      "integrity": "sha512-9sPvKQRtuBmGCH+vnidQg0BvWXccB8HU2G8oOQAkbg9lAzaRwmFe9V4YwkR4raCZQtpQNdcuxYXF0O6o23XjwA=="
    },
    "@ethersproject/networks": {
      "version": "5.0.0-beta.128",
      "resolved": "https://registry.npmjs.org/@ethersproject/networks/-/networks-5.0.0-beta.128.tgz",
      "integrity": "sha512-urCdbhytWfNgmHpPmxgrP7jxSNNWQqNhVnbo4zHYJyH26IJfhqyqpvdFvlvjC/FZf1P8qITAZ75E7koQNJnMyQ==",
      "requires": {
        "@ethersproject/logger": ">5.0.0-beta.0"
      }
    },
    "@ethersproject/pbkdf2": {
      "version": "5.0.0-beta.126",
      "resolved": "https://registry.npmjs.org/@ethersproject/pbkdf2/-/pbkdf2-5.0.0-beta.126.tgz",
      "integrity": "sha512-zLkP764VNHNGPnvhp9qR2BRSa0KlS/M7C2so1E8djJJjKaZMLA5c2c1C7k+t9Tm+qcL90XXRc1VVw2HS7aEo4Q==",
      "requires": {
        "@ethersproject/bytes": ">5.0.0-beta.0",
        "@ethersproject/sha2": ">5.0.0-beta.0"
      }
    },
    "@ethersproject/properties": {
      "version": "5.0.0-beta.130",
      "resolved": "https://registry.npmjs.org/@ethersproject/properties/-/properties-5.0.0-beta.130.tgz",
      "integrity": "sha512-8gdIFHZR7iBEFNpHw9PK9EXhbH/f2rPrgLCULMjKrmltcbkHgalHMws/L0XcEXiR0aQdwh2/oq1GpF1qq2hPEA==",
      "requires": {
        "@ethersproject/logger": ">5.0.0-beta.0"
      }
    },
    "@ethersproject/providers": {
      "version": "5.0.0-beta.140",
      "resolved": "https://registry.npmjs.org/@ethersproject/providers/-/providers-5.0.0-beta.140.tgz",
      "integrity": "sha512-Uuc5NmwpqycvYNY4yn1pk1tnTxrs7aE2kDrg4cr44POYayZCJzmipITW1VbhCpvgqQSlRzWAiv/w6iJ8Up8vFQ==",
      "requires": {
        "@ethersproject/abstract-provider": ">5.0.0-beta.0",
        "@ethersproject/abstract-signer": ">5.0.0-beta.0",
        "@ethersproject/address": ">5.0.0-beta.0",
        "@ethersproject/bignumber": ">5.0.0-beta.0",
        "@ethersproject/bytes": ">5.0.0-beta.0",
        "@ethersproject/constants": ">5.0.0-beta.0",
        "@ethersproject/hash": ">5.0.0-beta.0",
        "@ethersproject/logger": ">5.0.0-beta.0",
        "@ethersproject/networks": ">5.0.0-beta.0",
        "@ethersproject/properties": ">5.0.0-beta.0",
        "@ethersproject/random": ">5.0.0-beta.0",
        "@ethersproject/rlp": ">5.0.0-beta.0",
        "@ethersproject/strings": ">5.0.0-beta.0",
        "@ethersproject/transactions": ">5.0.0-beta.0",
        "@ethersproject/web": ">5.0.0-beta.0"
      }
    },
    "@ethersproject/random": {
      "version": "5.0.0-beta.127",
      "resolved": "https://registry.npmjs.org/@ethersproject/random/-/random-5.0.0-beta.127.tgz",
      "integrity": "sha512-vuH5vkS9fRhAmdU2KzEkw3Ec59clyLBCBoBUuUQuYnPR2OEK7uLCQK5LGgM5wrINISmwS8SGNyGwTMo+PAx/Bg==",
      "requires": {
        "@ethersproject/bytes": ">5.0.0-beta.0",
        "@ethersproject/logger": ">5.0.0-beta.0"
      }
    },
    "@ethersproject/rlp": {
      "version": "5.0.0-beta.125",
      "resolved": "https://registry.npmjs.org/@ethersproject/rlp/-/rlp-5.0.0-beta.125.tgz",
      "integrity": "sha512-Tn1HZ9+D2sV/6ekyhpYzfGXufulRuWXHrIJnOsm0TkP1cmEH73MvDWyspByN/onrXkkUM9jtBIHY8FmrwnQoOw==",
      "requires": {
        "@ethersproject/bytes": ">5.0.0-beta.0"
      }
    },
    "@ethersproject/sha2": {
      "version": "5.0.0-beta.128",
      "resolved": "https://registry.npmjs.org/@ethersproject/sha2/-/sha2-5.0.0-beta.128.tgz",
      "integrity": "sha512-ZEUDNMdb+x2dE+36GESm5d+Bzt5qx2I7m/twzR/oAWS62MuIUVY0aWv9Snb2zY4wW1A2bDlEuUJkDvrnpl9+MQ==",
      "requires": {
        "@ethersproject/bytes": ">5.0.0-beta.0",
        "@ethersproject/logger": ">5.0.0-beta.0",
        "hash.js": "1.1.3"
      },
      "dependencies": {
        "hash.js": {
          "version": "1.1.3",
          "resolved": "https://registry.npmjs.org/hash.js/-/hash.js-1.1.3.tgz",
          "integrity": "sha512-/UETyP0W22QILqS+6HowevwhEFJ3MBJnwTf75Qob9Wz9t0DPuisL8kW8YZMK62dHAKE1c1p+gY1TtOLY+USEHA==",
          "requires": {
            "inherits": "^2.0.3",
            "minimalistic-assert": "^1.0.0"
          }
        }
      }
    },
    "@ethersproject/signing-key": {
      "version": "5.0.0-beta.128",
      "resolved": "https://registry.npmjs.org/@ethersproject/signing-key/-/signing-key-5.0.0-beta.128.tgz",
      "integrity": "sha512-PPT68+fIX5WfBG4T0dZrU25RjO+MfDhLV5inVlrI8qG2wQUFhQq2zOlZFWRFvgSxJZfR0IY3iA8yhK8NHskV7w==",
      "requires": {
        "@ethersproject/bytes": ">5.0.0-beta.0",
        "@ethersproject/logger": ">5.0.0-beta.0",
        "@ethersproject/properties": ">5.0.0-beta.0",
        "elliptic": "6.3.3"
      }
    },
    "@ethersproject/solidity": {
      "version": "5.0.0-beta.125",
      "resolved": "https://registry.npmjs.org/@ethersproject/solidity/-/solidity-5.0.0-beta.125.tgz",
      "integrity": "sha512-oaw70iQkwYGLPhzKYtnNTPbyhxnL8pbWX46du3tNl3kBv6zf4zUaXlw9whmUO+9G577qVYVbYenWEiAyl3ldmw==",
      "requires": {
        "@ethersproject/bignumber": ">5.0.0-beta.0",
        "@ethersproject/bytes": ">5.0.0-beta.0",
        "@ethersproject/keccak256": ">5.0.0-beta.0",
        "@ethersproject/sha2": ">5.0.0-beta.0",
        "@ethersproject/strings": ">5.0.0-beta.0"
      }
    },
    "@ethersproject/strings": {
      "version": "5.0.0-beta.129",
      "resolved": "https://registry.npmjs.org/@ethersproject/strings/-/strings-5.0.0-beta.129.tgz",
      "integrity": "sha512-jhdHMML3mwjRfYjFqC61VvAzHCCsJwNcehho8MQoa2b5GaCYzFPA5aT+bxjjnDqTYl9ojeNHXweiGvqnCvvunQ==",
      "requires": {
        "@ethersproject/bytes": ">5.0.0-beta.0",
        "@ethersproject/constants": ">5.0.0-beta.0",
        "@ethersproject/logger": ">5.0.0-beta.0"
      }
    },
    "@ethersproject/transactions": {
      "version": "5.0.0-beta.127",
      "resolved": "https://registry.npmjs.org/@ethersproject/transactions/-/transactions-5.0.0-beta.127.tgz",
      "integrity": "sha512-csV5M2cYobhwRh/wffj1wy0BSOuWysKPifb1bdfOz3FAEF+9S3J8LJSkJp99ShawfU787+QriillZTvL42jfqQ==",
      "requires": {
        "@ethersproject/address": ">5.0.0-beta.0",
        "@ethersproject/bignumber": ">5.0.0-beta.0",
        "@ethersproject/bytes": ">5.0.0-beta.0",
        "@ethersproject/constants": ">5.0.0-beta.0",
        "@ethersproject/keccak256": ">5.0.0-beta.0",
        "@ethersproject/logger": ">5.0.0-beta.0",
        "@ethersproject/properties": ">5.0.0-beta.0",
        "@ethersproject/rlp": ">5.0.0-beta.0",
        "@ethersproject/signing-key": ">5.0.0-beta.0"
      }
    },
    "@ethersproject/units": {
      "version": "5.0.0-beta.126",
      "resolved": "https://registry.npmjs.org/@ethersproject/units/-/units-5.0.0-beta.126.tgz",
      "integrity": "sha512-L3JJLG01/Wjj/vLGyK7w/hytOS+jT8L1K1J3UOtJUfavqIi9TOtlHBglz9BeI7RCTp6BGy1brehB/O9+oJkmqA==",
      "requires": {
        "@ethersproject/bignumber": ">5.0.0-beta.0",
        "@ethersproject/constants": ">5.0.0-beta.0",
        "@ethersproject/logger": ">5.0.0-beta.0"
      }
    },
    "@ethersproject/wallet": {
      "version": "5.0.0-beta.129",
      "resolved": "https://registry.npmjs.org/@ethersproject/wallet/-/wallet-5.0.0-beta.129.tgz",
      "integrity": "sha512-BLIwuQ0+alAR2xmPTVhka65GgYvRGM0xN5XV3IBuMWw8qAGQWEsqNBElGxoinKqZ+4DCZp8Fudo6T3tdYURH5A==",
      "requires": {
        "@ethersproject/abstract-provider": ">5.0.0-beta.0",
        "@ethersproject/abstract-signer": ">5.0.0-beta.0",
        "@ethersproject/address": ">5.0.0-beta.0",
        "@ethersproject/bignumber": ">5.0.0-beta.0",
        "@ethersproject/bytes": ">5.0.0-beta.0",
        "@ethersproject/hash": ">5.0.0-beta.0",
        "@ethersproject/hdnode": ">5.0.0-beta.0",
        "@ethersproject/json-wallets": ">5.0.0-beta.0",
        "@ethersproject/keccak256": ">5.0.0-beta.0",
        "@ethersproject/logger": ">5.0.0-beta.0",
        "@ethersproject/properties": ">5.0.0-beta.0",
        "@ethersproject/random": ">5.0.0-beta.0",
        "@ethersproject/signing-key": ">5.0.0-beta.0",
        "@ethersproject/transactions": ">5.0.0-beta.0",
        "@ethersproject/wordlists": ">5.0.0-beta.0"
      }
    },
    "@ethersproject/web": {
      "version": "5.0.0-beta.128",
      "resolved": "https://registry.npmjs.org/@ethersproject/web/-/web-5.0.0-beta.128.tgz",
      "integrity": "sha512-VOaXzEHIKg4XzjWLq5pEiuIbCjrhG0K/bb72LzFyIizSZdAWoHRORwrOya20q2g9RzAeaseTOhBdeiqWvZo0Tw==",
      "requires": {
        "@ethersproject/base64": ">5.0.0-beta.0",
        "@ethersproject/logger": ">5.0.0-beta.0",
        "@ethersproject/properties": ">5.0.0-beta.0",
        "@ethersproject/strings": ">5.0.0-beta.0",
        "cross-fetch": "3.0.4"
      }
    },
    "@ethersproject/wordlists": {
      "version": "5.0.0-beta.127",
      "resolved": "https://registry.npmjs.org/@ethersproject/wordlists/-/wordlists-5.0.0-beta.127.tgz",
      "integrity": "sha512-xOzPMrBbxQdnrZQOTcGusqzf67X9snSYegXGaMBwxu6M3y2p5/8XDT+VaXowBGQJSdihwtt5GI7NrvGxT7uMwQ==",
      "requires": {
        "@ethersproject/bytes": ">5.0.0-beta.0",
        "@ethersproject/hash": ">5.0.0-beta.0",
        "@ethersproject/logger": ">5.0.0-beta.0",
        "@ethersproject/properties": ">5.0.0-beta.0",
        "@ethersproject/strings": ">5.0.0-beta.0"
      }
    },
    "@types/estree": {
      "version": "0.0.39",
      "resolved": "https://registry.npmjs.org/@types/estree/-/estree-0.0.39.tgz",
      "integrity": "sha512-EYNwp3bU+98cpU4lAWYYL7Zz+2gryWH1qbdDTidVd6hkiR6weksdbMadyXKXNPEkQFhXM+hVO9ZygomHXp+AIw=="
    },
    "@types/node": {
      "version": "12.7.4",
      "resolved": "https://registry.npmjs.org/@types/node/-/node-12.7.4.tgz",
      "integrity": "sha512-W0+n1Y+gK/8G2P/piTkBBN38Qc5Q1ZSO6B5H3QmPCUewaiXOo2GCAWZ4ElZCcNhjJuBSUSLGFUJnmlCn5+nxOQ=="
    },
    "acorn": {
      "version": "7.0.0",
      "resolved": "https://registry.npmjs.org/acorn/-/acorn-7.0.0.tgz",
      "integrity": "sha512-PaF/MduxijYYt7unVGRuds1vBC9bFxbNf+VWqhOClfdgy7RlVkQqt610ig1/yxTgsDIfW1cWDel5EBbOy3jdtQ=="
    },
    "aes-js": {
      "version": "3.0.0",
      "resolved": "https://registry.npmjs.org/aes-js/-/aes-js-3.0.0.tgz",
      "integrity": "sha1-4h3xCtbCBTKVvLuNq0Cwnb6ofk0="
    },
    "bn.js": {
      "version": "4.11.8",
      "resolved": "https://registry.npmjs.org/bn.js/-/bn.js-4.11.8.tgz",
      "integrity": "sha512-ItfYfPLkWHUjckQCk8xC+LwxgK8NYcXywGigJgSwOP8Y2iyWT4f2vsZnoOXTTbo+o5yXmIUJ4gn5538SO5S3gA=="
    },
    "brorand": {
      "version": "1.1.0",
      "resolved": "https://registry.npmjs.org/brorand/-/brorand-1.1.0.tgz",
      "integrity": "sha1-EsJe/kCkXjwyPrhnWgoM5XsiNx8="
    },
    "commander": {
      "version": "2.13.0",
      "resolved": "https://registry.npmjs.org/commander/-/commander-2.13.0.tgz",
      "integrity": "sha512-MVuS359B+YzaWqjCL/c+22gfryv+mCBPHAv3zyVI2GN8EY6IRP8VwtasXn8jyyhvvq84R4ImN1OKRtcbIasjYA==",
      "dev": true
    },
    "cross-fetch": {
      "version": "3.0.4",
      "resolved": "https://registry.npmjs.org/cross-fetch/-/cross-fetch-3.0.4.tgz",
      "integrity": "sha512-MSHgpjQqgbT/94D4CyADeNoYh52zMkCX4pcJvPP5WqPsLFMKjr2TCMg381ox5qI0ii2dPwaLx/00477knXqXVw==",
      "requires": {
        "node-fetch": "2.6.0",
        "whatwg-fetch": "3.0.0"
      }
    },
    "elliptic": {
      "version": "6.3.3",
      "resolved": "https://registry.npmjs.org/elliptic/-/elliptic-6.3.3.tgz",
      "integrity": "sha1-VILZZG1UvLif19mU/J4ulWiHbj8=",
      "requires": {
        "bn.js": "^4.4.0",
        "brorand": "^1.0.1",
        "hash.js": "^1.0.0",
        "inherits": "^2.0.1"
      }
    },
    "ethers": {
      "version": "5.0.0-beta.155",
      "resolved": "https://registry.npmjs.org/ethers/-/ethers-5.0.0-beta.155.tgz",
      "integrity": "sha512-viOLtnfVPRyN4HREetD1ieP1d8i/O5s3+WzaN+/vrfUAdV4Kt6DBVjmOPgiOAWFcVcaJIYbxXwe7MXXMYk0TXA==",
      "requires": {
        "@ethersproject/abi": ">5.0.0-beta.0",
        "@ethersproject/abstract-provider": ">5.0.0-beta.0",
        "@ethersproject/abstract-signer": ">5.0.0-beta.0",
        "@ethersproject/address": ">5.0.0-beta.0",
        "@ethersproject/base64": ">5.0.0-beta.0",
        "@ethersproject/bignumber": ">5.0.0-beta.0",
        "@ethersproject/bytes": ">5.0.0-beta.0",
        "@ethersproject/constants": ">5.0.0-beta.0",
        "@ethersproject/contracts": ">5.0.0-beta.0",
        "@ethersproject/hash": ">5.0.0-beta.0",
        "@ethersproject/hdnode": ">5.0.0-beta.0",
        "@ethersproject/json-wallets": ">5.0.0-beta.0",
        "@ethersproject/keccak256": ">5.0.0-beta.0",
        "@ethersproject/logger": ">5.0.0-beta.0",
        "@ethersproject/networks": ">5.0.0-beta.0",
        "@ethersproject/pbkdf2": ">5.0.0-beta.0",
        "@ethersproject/properties": ">5.0.0-beta.0",
        "@ethersproject/providers": ">5.0.0-beta.0",
        "@ethersproject/random": ">5.0.0-beta.0",
        "@ethersproject/rlp": ">5.0.0-beta.0",
        "@ethersproject/sha2": ">5.0.0-beta.0",
        "@ethersproject/signing-key": ">5.0.0-beta.0",
        "@ethersproject/solidity": ">5.0.0-beta.0",
        "@ethersproject/strings": ">5.0.0-beta.0",
        "@ethersproject/transactions": ">5.0.0-beta.0",
        "@ethersproject/units": ">5.0.0-beta.0",
        "@ethersproject/wallet": ">5.0.0-beta.0",
        "@ethersproject/web": ">5.0.0-beta.0",
        "@ethersproject/wordlists": ">5.0.0-beta.0"
      }
    },
    "hash.js": {
      "version": "1.1.7",
      "resolved": "https://registry.npmjs.org/hash.js/-/hash.js-1.1.7.tgz",
      "integrity": "sha512-taOaskGt4z4SOANNseOviYDvjEJinIkRgmp7LbKP2YTTmVxWBl87s/uzK9r+44BclBSp2X7K1hqeNfz9JbBeXA==",
      "requires": {
        "inherits": "^2.0.3",
        "minimalistic-assert": "^1.0.1"
      }
    },
    "inherits": {
      "version": "2.0.4",
      "resolved": "https://registry.npmjs.org/inherits/-/inherits-2.0.4.tgz",
      "integrity": "sha512-k/vGaX4/Yla3WzyMCvTQOXYeIHvqOKtnqBduzTHpzpQZzAskKMhZ2K+EnBiSM9zGSoIFeMpXKxa4dYeZIQqewQ=="
    },
    "js-sha3": {
      "version": "0.5.7",
      "resolved": "https://registry.npmjs.org/js-sha3/-/js-sha3-0.5.7.tgz",
      "integrity": "sha1-DU/9gALVMzqrr0oj7tL2N0yfKOc="
    },
    "minimalistic-assert": {
      "version": "1.0.1",
      "resolved": "https://registry.npmjs.org/minimalistic-assert/-/minimalistic-assert-1.0.1.tgz",
      "integrity": "sha512-UtJcAD4yEaGtjPezWuO9wC4nwUnVH/8/Im3yEHQP4b67cXlD/Qr9hdITCU1xDbSEXg2XKNaP8jsReV7vQd00/A=="
    },
    "node-fetch": {
      "version": "2.6.0",
      "resolved": "https://registry.npmjs.org/node-fetch/-/node-fetch-2.6.0.tgz",
      "integrity": "sha512-8dG4H5ujfvFiqDmVu9fQ5bOHUC15JMjMY/Zumv26oOvvVJjM67KF8koCWIabKQ1GJIa9r2mMZscBq/TbdOcmNA=="
    },
    "punycode": {
      "version": "2.1.1",
      "resolved": "https://registry.npmjs.org/punycode/-/punycode-2.1.1.tgz",
      "integrity": "sha512-XRsRjdf+j5ml+y/6GKHPZbrF/8p2Yga0JPtdqTIY2Xe5ohJPD9saDJJLPvp9+NSBprVvevdXZybnj2cv8OEd0A=="
    },
    "rollup": {
      "version": "1.20.3",
      "resolved": "https://registry.npmjs.org/rollup/-/rollup-1.20.3.tgz",
      "integrity": "sha512-/OMCkY0c6E8tleeVm4vQVDz24CkVgvueK3r8zTYu2AQNpjrcaPwO9hE+pWj5LTFrvvkaxt4MYIp2zha4y0lRvg==",
      "requires": {
        "@types/estree": "0.0.39",
        "@types/node": "^12.7.2",
        "acorn": "^7.0.0"
      }
    },
    "scrypt-js": {
      "version": "2.0.4",
      "resolved": "https://registry.npmjs.org/scrypt-js/-/scrypt-js-2.0.4.tgz",
      "integrity": "sha512-4KsaGcPnuhtCZQCxFxN3GVYIhKFPTdLd8PLC552XwbMndtD0cjRFAhDuuydXQ0h08ZfPgzqe6EKHozpuH74iDw=="
    },
    "source-map": {
      "version": "0.6.1",
      "resolved": "https://registry.npmjs.org/source-map/-/source-map-0.6.1.tgz",
      "integrity": "sha512-UjgapumWlbMhkBgzT7Ykc5YXUT46F0iKu8SGXq0bcwP5dz/h0Plj6enJqjz1Zbq2l5WaqYnrVbwWOWMyF3F47g==",
      "dev": true
    },
    "typescript": {
      "version": "3.6.2",
      "resolved": "https://registry.npmjs.org/typescript/-/typescript-3.6.2.tgz",
      "integrity": "sha512-lmQ4L+J6mnu3xweP8+rOrUwzmN+MRAj7TgtJtDaXE5PMyX2kCrklhg3rvOsOIfNeAWMQWO2F1GPc1kMD2vLAfw==",
      "dev": true
    },
    "uglify-es": {
      "version": "3.3.9",
      "resolved": "https://registry.npmjs.org/uglify-es/-/uglify-es-3.3.9.tgz",
      "integrity": "sha512-r+MU0rfv4L/0eeW3xZrd16t4NZfK8Ld4SWVglYBb7ez5uXFWHuVRs6xCTrf1yirs9a4j4Y27nn7SRfO6v67XsQ==",
      "dev": true,
      "requires": {
        "commander": "~2.13.0",
        "source-map": "~0.6.1"
      }
    },
    "uuid": {
      "version": "2.0.1",
      "resolved": "https://registry.npmjs.org/uuid/-/uuid-2.0.1.tgz",
      "integrity": "sha1-wqMN7bPlNdcsz4LjQ5QaULqFM6w="
    },
    "whatwg-fetch": {
      "version": "3.0.0",
      "resolved": "https://registry.npmjs.org/whatwg-fetch/-/whatwg-fetch-3.0.0.tgz",
      "integrity": "sha512-9GSJUgz1D4MfyKU7KRqwOjXCXTqWdFNvEr7eUBYchQiVc744mqK/MzXPNR2WsPkmkOa4ywfg8C2n8h+13Bey1Q=="
    }
  }
}
