{
  "name": "takoyaki",
  "version": "0.0.14",
  "lockfileVersion": 1,
  "requires": true,
  "dependencies": {
    "@ethersproject/abi": {
      "version": "5.0.0-beta.137",
      "resolved": "https://registry.npmjs.org/@ethersproject/abi/-/abi-5.0.0-beta.137.tgz",
      "integrity": "sha512-08XTjruuB3wVkcfXeCEw19weoVoW1JRecSGPmiVm9pS5AdzcGhvvC5BKHbQNes3yFwd40777bzlY4IkYqjPXwQ==",
      "requires": {
        "@ethersproject/address": ">=5.0.0-beta.128",
        "@ethersproject/bignumber": ">=5.0.0-beta.130",
        "@ethersproject/bytes": ">=5.0.0-beta.129",
        "@ethersproject/constants": ">=5.0.0-beta.128",
        "@ethersproject/hash": ">=5.0.0-beta.128",
        "@ethersproject/keccak256": ">=5.0.0-beta.127",
        "@ethersproject/logger": ">=5.0.0-beta.129",
        "@ethersproject/properties": ">=5.0.0-beta.131",
        "@ethersproject/strings": ">=5.0.0-beta.130"
      }
    },
    "@ethersproject/abstract-provider": {
      "version": "5.0.0-beta.131",
      "resolved": "https://registry.npmjs.org/@ethersproject/abstract-provider/-/abstract-provider-5.0.0-beta.131.tgz",
      "integrity": "sha512-cPqQID/KxuafySuQ0PW3vsDj6Vb7DUoP6/SySPcojbCOANnq+vWtFLRe79ZFZj2+MLS1BlEQJOUiCTrgGGsQLg==",
      "requires": {
        "@ethersproject/bignumber": ">=5.0.0-beta.130",
        "@ethersproject/bytes": ">=5.0.0-beta.129",
        "@ethersproject/logger": ">=5.0.0-beta.129",
        "@ethersproject/networks": ">=5.0.0-beta.129",
        "@ethersproject/properties": ">=5.0.0-beta.131",
        "@ethersproject/transactions": ">=5.0.0-beta.128",
        "@ethersproject/web": ">=5.0.0-beta.129"
      }
    },
    "@ethersproject/abstract-signer": {
      "version": "5.0.0-beta.132",
      "resolved": "https://registry.npmjs.org/@ethersproject/abstract-signer/-/abstract-signer-5.0.0-beta.132.tgz",
      "integrity": "sha512-YakTLJmpposKPYztz1GTvqiy5UKTAzf4YzlcZS/dXcrQGiG9r40qMNEUNXwM/x752UcwJgsszR23AKblOLmMiA==",
      "requires": {
        "@ethersproject/abstract-provider": ">=5.0.0-beta.131",
        "@ethersproject/bignumber": ">=5.0.0-beta.130",
        "@ethersproject/bytes": ">=5.0.0-beta.129",
        "@ethersproject/logger": ">=5.0.0-beta.129",
        "@ethersproject/properties": ">=5.0.0-beta.131"
      }
    },
    "@ethersproject/address": {
      "version": "5.0.0-beta.128",
      "resolved": "https://registry.npmjs.org/@ethersproject/address/-/address-5.0.0-beta.128.tgz",
      "integrity": "sha512-hw7AaQQdhSqY5O6KBMOAokjW3BhvqAMUCIYfQBwb5p+jJBDlIiSUoHXHuyTLEy1BchNarTxs9b+aNGuME+aCSQ==",
      "requires": {
        "@ethersproject/bignumber": ">=5.0.0-beta.130",
        "@ethersproject/bytes": ">=5.0.0-beta.129",
        "@ethersproject/keccak256": ">=5.0.0-beta.127",
        "@ethersproject/logger": ">=5.0.0-beta.129",
        "@ethersproject/rlp": ">=5.0.0-beta.126",
        "bn.js": "^4.4.0"
      }
    },
    "@ethersproject/base64": {
      "version": "5.0.0-beta.126",
      "resolved": "https://registry.npmjs.org/@ethersproject/base64/-/base64-5.0.0-beta.126.tgz",
      "integrity": "sha512-XUCgdTld+3ZwG36zmzzYGT9xadaHHAE6jftgsgDwEkSED0p/lKSd3JzrJGSc9cTZ8qfeYs+EuGgZDU2dVnZxwA==",
      "requires": {
        "@ethersproject/bytes": ">=5.0.0-beta.129"
      }
    },
    "@ethersproject/basex": {
      "version": "5.0.0-beta.127",
      "resolved": "https://registry.npmjs.org/@ethersproject/basex/-/basex-5.0.0-beta.127.tgz",
      "integrity": "sha512-tuguT9WCGFjhSM+H0yM18ITs/CNnto5OvRbvOIxD5S1G7lDJ4ZK9+p3bYrmhdI2rUj0OFAD/GY1VCYHWOfRl9A==",
      "requires": {
        "@ethersproject/bytes": ">=5.0.0-beta.129",
        "@ethersproject/properties": ">=5.0.0-beta.131"
      }
    },
    "@ethersproject/bignumber": {
      "version": "5.0.0-beta.130",
      "resolved": "https://registry.npmjs.org/@ethersproject/bignumber/-/bignumber-5.0.0-beta.130.tgz",
      "integrity": "sha512-3Rlfo9FuZvOOb6h7OLAzy3H8t1haUB4Vp1am/fS5Yp/oDRanzcvHORrmOgSLJaoD6wf3HCN5arDyICJvh/c7jA==",
      "requires": {
        "@ethersproject/bytes": ">=5.0.0-beta.129",
        "@ethersproject/logger": ">=5.0.0-beta.129",
        "@ethersproject/properties": ">=5.0.0-beta.131",
        "bn.js": "^4.4.0"
      }
    },
    "@ethersproject/bytes": {
      "version": "5.0.0-beta.129",
      "resolved": "https://registry.npmjs.org/@ethersproject/bytes/-/bytes-5.0.0-beta.129.tgz",
      "integrity": "sha512-sL9KX9O7Lm5UFzC9R64iLzO5tcFK29CFn4/G36CYpGqKUtdZYBW8BEpYtkSeu1oKujwjCgguFsmQI6JfH5snrQ==",
      "requires": {
        "@ethersproject/logger": ">=5.0.0-beta.129"
      }
    },
    "@ethersproject/constants": {
      "version": "5.0.0-beta.128",
      "resolved": "https://registry.npmjs.org/@ethersproject/constants/-/constants-5.0.0-beta.128.tgz",
      "integrity": "sha512-9onA+Ce9g8+NQ7uRAIhVt0J+y7sR0iYAfrSxam/9dXsf9cstBOgAROUmOaBX/+/3YldI0kFYvTf8vLpSN8XQAg==",
      "requires": {
        "@ethersproject/bignumber": ">=5.0.0-beta.130"
      }
    },
    "@ethersproject/contracts": {
      "version": "5.0.0-beta.137",
      "resolved": "https://registry.npmjs.org/@ethersproject/contracts/-/contracts-5.0.0-beta.137.tgz",
      "integrity": "sha512-Xi7xCQ2b/wP8AF0I52gpJP/vQNkMqVYr7aNMXjL2oLRNKr/5iVOvSSl7DO7jPXPLTWGki0SNULc2r74TJhMfTg==",
      "requires": {
        "@ethersproject/abi": ">=5.0.0-beta.137",
        "@ethersproject/abstract-provider": ">=5.0.0-beta.131",
        "@ethersproject/abstract-signer": ">=5.0.0-beta.132",
        "@ethersproject/address": ">=5.0.0-beta.128",
        "@ethersproject/bignumber": ">=5.0.0-beta.130",
        "@ethersproject/bytes": ">=5.0.0-beta.129",
        "@ethersproject/constants": ">=5.0.0-beta.128",
        "@ethersproject/logger": ">=5.0.0-beta.129",
        "@ethersproject/properties": ">=5.0.0-beta.131",
        "@ethersproject/transactions": ">=5.0.0-beta.128"
      }
    },
    "@ethersproject/hash": {
      "version": "5.0.0-beta.128",
      "resolved": "https://registry.npmjs.org/@ethersproject/hash/-/hash-5.0.0-beta.128.tgz",
      "integrity": "sha512-HujaBurkHeUkYUzdV/lXjeSPJ73RNRKGMfzDKgqQWFs2grqQkmR97T1PLEoGQ/1u0Yk2e/A/qoJNetcuR+dXEQ==",
      "requires": {
        "@ethersproject/bytes": ">=5.0.0-beta.129",
        "@ethersproject/keccak256": ">=5.0.0-beta.127",
        "@ethersproject/logger": ">=5.0.0-beta.129",
        "@ethersproject/strings": ">=5.0.0-beta.130"
      }
    },
    "@ethersproject/hdnode": {
      "version": "5.0.0-beta.130",
      "resolved": "https://registry.npmjs.org/@ethersproject/hdnode/-/hdnode-5.0.0-beta.130.tgz",
      "integrity": "sha512-bkm1AcO/WDLhc16ydI2RXnpVTMPW1BRV8njvgxRGF/wW/aLyFmYorlvUJREqNbmjxE2VBzQFyC3a8LsciJdH+Q==",
      "requires": {
        "@ethersproject/abstract-signer": ">=5.0.0-beta.132",
        "@ethersproject/basex": ">=5.0.0-beta.127",
        "@ethersproject/bignumber": ">=5.0.0-beta.130",
        "@ethersproject/bytes": ">=5.0.0-beta.129",
        "@ethersproject/logger": ">=5.0.0-beta.129",
        "@ethersproject/pbkdf2": ">=5.0.0-beta.127",
        "@ethersproject/properties": ">=5.0.0-beta.131",
        "@ethersproject/sha2": ">=5.0.0-beta.129",
        "@ethersproject/signing-key": ">=5.0.0-beta.129",
        "@ethersproject/strings": ">=5.0.0-beta.130",
        "@ethersproject/transactions": ">=5.0.0-beta.128",
        "@ethersproject/wordlists": ">=5.0.0-beta.128"
      }
    },
    "@ethersproject/json-wallets": {
      "version": "5.0.0-beta.129",
      "resolved": "https://registry.npmjs.org/@ethersproject/json-wallets/-/json-wallets-5.0.0-beta.129.tgz",
      "integrity": "sha512-2Yn6e6UDA0KVYMZ+AFZ41/XrYsImLwUk8AE59+p6OEMxUG3wBYddsZIe0ZUyWRMSm2w+wwApZ9KJ52KLeTd2fg==",
      "requires": {
        "@ethersproject/abstract-signer": ">=5.0.0-beta.132",
        "@ethersproject/address": ">=5.0.0-beta.128",
        "@ethersproject/bytes": ">=5.0.0-beta.129",
        "@ethersproject/hdnode": ">=5.0.0-beta.130",
        "@ethersproject/keccak256": ">=5.0.0-beta.127",
        "@ethersproject/logger": ">=5.0.0-beta.129",
        "@ethersproject/pbkdf2": ">=5.0.0-beta.127",
        "@ethersproject/properties": ">=5.0.0-beta.131",
        "@ethersproject/random": ">=5.0.0-beta.128",
        "@ethersproject/strings": ">=5.0.0-beta.130",
        "@ethersproject/transactions": ">=5.0.0-beta.128",
        "aes-js": "3.0.0",
        "scrypt-js": "2.0.4",
        "uuid": "2.0.1"
      }
    },
    "@ethersproject/keccak256": {
      "version": "5.0.0-beta.127",
      "resolved": "https://registry.npmjs.org/@ethersproject/keccak256/-/keccak256-5.0.0-beta.127.tgz",
      "integrity": "sha512-3ASu1pTNtDIoKrmk8DGXw+N7Cpt8+e9psHjk042HBvQCeWQuXV61kBJCBFKmHQXC6iDIUXzxrV+hLysloC7KJA==",
      "requires": {
        "@ethersproject/bytes": ">=5.0.0-beta.129",
        "js-sha3": "0.5.7"
      }
    },
    "@ethersproject/logger": {
      "version": "5.0.0-beta.129",
      "resolved": "https://registry.npmjs.org/@ethersproject/logger/-/logger-5.0.0-beta.129.tgz",
      "integrity": "sha512-qjzy0o88tlsgcx0WMrSev5igcTFcwMyOeHjXDhzZFK8Ma30Ho9c7MEGUk3/vg6Y7zu8rl2u+BMW/QaxE9Xo/6Q=="
    },
    "@ethersproject/networks": {
      "version": "5.0.0-beta.129",
      "resolved": "https://registry.npmjs.org/@ethersproject/networks/-/networks-5.0.0-beta.129.tgz",
      "integrity": "sha512-JwBQd51HsvApuZ1kVTCtE4RO3tLjdhySq+iWv379CJDwY8912436l/cf68Xg76kNmGsppXjPMSonsMgkKMfR+g==",
      "requires": {
        "@ethersproject/logger": ">=5.0.0-beta.129"
      }
    },
    "@ethersproject/pbkdf2": {
      "version": "5.0.0-beta.127",
      "resolved": "https://registry.npmjs.org/@ethersproject/pbkdf2/-/pbkdf2-5.0.0-beta.127.tgz",
      "integrity": "sha512-iAXDI+CGAMCWflju8t8J8E0ev1y25j5qoaYHh6vN88vjH2vV/BEs5mPt7QTK2VY9V+mqaowIEW2Hr2CI9c6/1A==",
      "requires": {
        "@ethersproject/bytes": ">=5.0.0-beta.129",
        "@ethersproject/sha2": ">=5.0.0-beta.129"
      }
    },
    "@ethersproject/properties": {
      "version": "5.0.0-beta.131",
      "resolved": "https://registry.npmjs.org/@ethersproject/properties/-/properties-5.0.0-beta.131.tgz",
      "integrity": "sha512-+pcaQBgYOix0ltLV+JpMy3WFMXp4Y3r3qzvPEvL9Kswj8iwH5Gyq3/VZm476L6DdhDavulrnACbXNTU4WwW00A==",
      "requires": {
        "@ethersproject/logger": ">=5.0.0-beta.129"
      }
    },
    "@ethersproject/providers": {
      "version": "5.0.0-beta.141",
      "resolved": "https://registry.npmjs.org/@ethersproject/providers/-/providers-5.0.0-beta.141.tgz",
      "integrity": "sha512-3M4VULmqksWaHyAm/j+1qASsI9d3lrpr8ItoEBaLdOdKc3TQCa2/ymaJ3pouk1wyBs//0DuDzMd0IkVb8VxWqQ==",
      "requires": {
        "@ethersproject/abstract-provider": ">=5.0.0-beta.131",
        "@ethersproject/abstract-signer": ">=5.0.0-beta.132",
        "@ethersproject/address": ">=5.0.0-beta.128",
        "@ethersproject/bignumber": ">=5.0.0-beta.130",
        "@ethersproject/bytes": ">=5.0.0-beta.129",
        "@ethersproject/constants": ">=5.0.0-beta.128",
        "@ethersproject/hash": ">=5.0.0-beta.128",
        "@ethersproject/logger": ">=5.0.0-beta.129",
        "@ethersproject/networks": ">=5.0.0-beta.129",
        "@ethersproject/properties": ">=5.0.0-beta.131",
        "@ethersproject/random": ">=5.0.0-beta.128",
        "@ethersproject/rlp": ">=5.0.0-beta.126",
        "@ethersproject/strings": ">=5.0.0-beta.130",
        "@ethersproject/transactions": ">=5.0.0-beta.128",
        "@ethersproject/web": ">=5.0.0-beta.129"
      }
    },
    "@ethersproject/random": {
      "version": "5.0.0-beta.128",
      "resolved": "https://registry.npmjs.org/@ethersproject/random/-/random-5.0.0-beta.128.tgz",
      "integrity": "sha512-2ErcXcCfS7Jmm0SnYw0Z9ytDOEG8ulKuzOfRDLHg0V5ybBFH44PeJL1oiL6z3PBtwpCAbKJ8H5c4RvmcLKZUxw==",
      "requires": {
        "@ethersproject/bytes": ">=5.0.0-beta.129",
        "@ethersproject/logger": ">=5.0.0-beta.129"
      }
    },
    "@ethersproject/rlp": {
      "version": "5.0.0-beta.126",
      "resolved": "https://registry.npmjs.org/@ethersproject/rlp/-/rlp-5.0.0-beta.126.tgz",
      "integrity": "sha512-fRAF04c4n60i785fVdZ1YRV8sHoxWFe87Qkj4w8hbChR7F0PYvYedxIO9OdQwYAJblktScwGeE/TnAQUuKTvjw==",
      "requires": {
        "@ethersproject/bytes": ">=5.0.0-beta.129"
      }
    },
    "@ethersproject/sha2": {
      "version": "5.0.0-beta.129",
      "resolved": "https://registry.npmjs.org/@ethersproject/sha2/-/sha2-5.0.0-beta.129.tgz",
      "integrity": "sha512-KR7qTUBEZ+LX4GmAVnxrC0FfWtcu0tNRY2vCYTWtc7I2QnVfA1FcMTUrYjeDnapneUmvTQ23d3LYAJ6/MTOL0g==",
      "requires": {
        "@ethersproject/bytes": ">=5.0.0-beta.129",
        "@ethersproject/logger": ">=5.0.0-beta.129",
        "hash.js": "1.1.3"
      },
      "dependencies": {
        "hash.js": {
          "version": "1.1.3",
          "resolved": "https://registry.npmjs.org/hash.js/-/hash.js-1.1.3.tgz",
          "integrity": "sha512-/UETyP0W22QILqS+6HowevwhEFJ3MBJnwTf75Qob9Wz9t0DPuisL8kW8YZMK62dHAKE1c1p+gY1TtOLY+USEHA==",
          "requires": {
            "inherits": "^2.0.3",
            "minimalistic-assert": "^1.0.0"
          }
        }
      }
    },
    "@ethersproject/signing-key": {
      "version": "5.0.0-beta.129",
      "resolved": "https://registry.npmjs.org/@ethersproject/signing-key/-/signing-key-5.0.0-beta.129.tgz",
      "integrity": "sha512-fN5x6g/4f4uaPM6eyM8IBFuVZZukpKDsRFDLlwg7ZsGxVkoKeW0tK6QChkZvpyIjm9TNGbKgpsoof002+RyAeQ==",
      "requires": {
        "@ethersproject/bytes": ">=5.0.0-beta.129",
        "@ethersproject/logger": ">=5.0.0-beta.129",
        "@ethersproject/properties": ">=5.0.0-beta.131",
        "elliptic": "6.5.0"
      }
    },
    "@ethersproject/solidity": {
      "version": "5.0.0-beta.126",
      "resolved": "https://registry.npmjs.org/@ethersproject/solidity/-/solidity-5.0.0-beta.126.tgz",
      "integrity": "sha512-JMnpQ/qGCtmLEj+f3hJhYtHS6bt62mXhkNBt1IjXJNSMDu+086/WR/144AwxCo+NA8YLyW6BtOkALt0SV9HijQ==",
      "requires": {
        "@ethersproject/bignumber": ">=5.0.0-beta.130",
        "@ethersproject/bytes": ">=5.0.0-beta.129",
        "@ethersproject/keccak256": ">=5.0.0-beta.127",
        "@ethersproject/sha2": ">=5.0.0-beta.129",
        "@ethersproject/strings": ">=5.0.0-beta.130"
      }
    },
    "@ethersproject/strings": {
      "version": "5.0.0-beta.130",
      "resolved": "https://registry.npmjs.org/@ethersproject/strings/-/strings-5.0.0-beta.130.tgz",
      "integrity": "sha512-SqJjjHLpy5Zf9ln3n4CtSQv+LsN3zX+7e5pu3mvyemEg26zoBWrO8XrrI+6qFLLZOxNII/m+NmDHMJLez7pHww==",
      "requires": {
        "@ethersproject/bytes": ">=5.0.0-beta.129",
        "@ethersproject/constants": ">=5.0.0-beta.128",
        "@ethersproject/logger": ">=5.0.0-beta.129"
      }
    },
    "@ethersproject/transactions": {
      "version": "5.0.0-beta.128",
      "resolved": "https://registry.npmjs.org/@ethersproject/transactions/-/transactions-5.0.0-beta.128.tgz",
      "integrity": "sha512-i4vSkLb9cExifS6FlWhReILYr3UeUHEgX7GyvzmIfsZDnsvxP/KuTny4QeZC5v1VE/NmTtpe5IEbz3cCxc/L8A==",
      "requires": {
        "@ethersproject/address": ">=5.0.0-beta.128",
        "@ethersproject/bignumber": ">=5.0.0-beta.130",
        "@ethersproject/bytes": ">=5.0.0-beta.129",
        "@ethersproject/constants": ">=5.0.0-beta.128",
        "@ethersproject/keccak256": ">=5.0.0-beta.127",
        "@ethersproject/logger": ">=5.0.0-beta.129",
        "@ethersproject/properties": ">=5.0.0-beta.131",
        "@ethersproject/rlp": ">=5.0.0-beta.126",
        "@ethersproject/signing-key": ">=5.0.0-beta.129"
      }
    },
    "@ethersproject/units": {
      "version": "5.0.0-beta.127",
      "resolved": "https://registry.npmjs.org/@ethersproject/units/-/units-5.0.0-beta.127.tgz",
      "integrity": "sha512-aA07ebujRraAX/VJaXqhqHGrQfZchnzQQivcz1S8si9z260xYLQNFKKeG1vsqz+g4w/xJYO4qR22Kbxp4Xlzag==",
      "requires": {
        "@ethersproject/bignumber": ">=5.0.0-beta.130",
        "@ethersproject/constants": ">=5.0.0-beta.128",
        "@ethersproject/logger": ">=5.0.0-beta.129"
      }
    },
    "@ethersproject/wallet": {
      "version": "5.0.0-beta.130",
      "resolved": "https://registry.npmjs.org/@ethersproject/wallet/-/wallet-5.0.0-beta.130.tgz",
      "integrity": "sha512-VYce7+3XttI2t3cf+HeaZJhZAcBu3eCI8cQc9DywXf0Hppag0tl4dLDmOsLJsdo6i5hzxbGirnZ8YuRjMwij8Q==",
      "requires": {
        "@ethersproject/abstract-provider": ">=5.0.0-beta.131",
        "@ethersproject/abstract-signer": ">=5.0.0-beta.132",
        "@ethersproject/address": ">=5.0.0-beta.128",
        "@ethersproject/bignumber": ">=5.0.0-beta.130",
        "@ethersproject/bytes": ">=5.0.0-beta.129",
        "@ethersproject/hash": ">=5.0.0-beta.128",
        "@ethersproject/hdnode": ">=5.0.0-beta.130",
        "@ethersproject/json-wallets": ">=5.0.0-beta.129",
        "@ethersproject/keccak256": ">=5.0.0-beta.127",
        "@ethersproject/logger": ">=5.0.0-beta.129",
        "@ethersproject/properties": ">=5.0.0-beta.131",
        "@ethersproject/random": ">=5.0.0-beta.128",
        "@ethersproject/signing-key": ">=5.0.0-beta.129",
        "@ethersproject/transactions": ">=5.0.0-beta.128",
        "@ethersproject/wordlists": ">=5.0.0-beta.128"
      }
    },
    "@ethersproject/web": {
      "version": "5.0.0-beta.129",
      "resolved": "https://registry.npmjs.org/@ethersproject/web/-/web-5.0.0-beta.129.tgz",
      "integrity": "sha512-O1FkH9R6H9pOTi46Uj1xH6jPXv/LL16GRWRf6cZr92XUYstxKz2V1RdOdBVKx8w6KkoMCoOvoATckl6RDk3//g==",
      "requires": {
        "@ethersproject/base64": ">=5.0.0-beta.126",
        "@ethersproject/logger": ">=5.0.0-beta.129",
        "@ethersproject/properties": ">=5.0.0-beta.131",
        "@ethersproject/strings": ">=5.0.0-beta.130",
        "cross-fetch": "3.0.4"
      }
    },
    "@ethersproject/wordlists": {
      "version": "5.0.0-beta.128",
      "resolved": "https://registry.npmjs.org/@ethersproject/wordlists/-/wordlists-5.0.0-beta.128.tgz",
      "integrity": "sha512-P2nE/VuexJl0fP4ST6/GUaqd048othiZf/wv6sY6NtvxRabeRbqZ4/MMT5GPJKH40R6B8qbuvt6hEj4ibKrBjA==",
      "requires": {
        "@ethersproject/bytes": ">=5.0.0-beta.129",
        "@ethersproject/hash": ">=5.0.0-beta.128",
        "@ethersproject/logger": ">=5.0.0-beta.129",
        "@ethersproject/properties": ">=5.0.0-beta.131",
        "@ethersproject/strings": ">=5.0.0-beta.130"
      }
    },
    "@types/estree": {
      "version": "0.0.39",
      "resolved": "https://registry.npmjs.org/@types/estree/-/estree-0.0.39.tgz",
      "integrity": "sha512-EYNwp3bU+98cpU4lAWYYL7Zz+2gryWH1qbdDTidVd6hkiR6weksdbMadyXKXNPEkQFhXM+hVO9ZygomHXp+AIw=="
    },
    "@types/node": {
      "version": "12.7.4",
      "resolved": "https://registry.npmjs.org/@types/node/-/node-12.7.4.tgz",
      "integrity": "sha512-W0+n1Y+gK/8G2P/piTkBBN38Qc5Q1ZSO6B5H3QmPCUewaiXOo2GCAWZ4ElZCcNhjJuBSUSLGFUJnmlCn5+nxOQ=="
    },
    "acorn": {
      "version": "7.0.0",
      "resolved": "https://registry.npmjs.org/acorn/-/acorn-7.0.0.tgz",
      "integrity": "sha512-PaF/MduxijYYt7unVGRuds1vBC9bFxbNf+VWqhOClfdgy7RlVkQqt610ig1/yxTgsDIfW1cWDel5EBbOy3jdtQ=="
    },
    "aes-js": {
      "version": "3.0.0",
      "resolved": "https://registry.npmjs.org/aes-js/-/aes-js-3.0.0.tgz",
      "integrity": "sha1-4h3xCtbCBTKVvLuNq0Cwnb6ofk0="
    },
    "bn.js": {
      "version": "4.11.8",
      "resolved": "https://registry.npmjs.org/bn.js/-/bn.js-4.11.8.tgz",
      "integrity": "sha512-ItfYfPLkWHUjckQCk8xC+LwxgK8NYcXywGigJgSwOP8Y2iyWT4f2vsZnoOXTTbo+o5yXmIUJ4gn5538SO5S3gA=="
    },
    "brorand": {
      "version": "1.1.0",
      "resolved": "https://registry.npmjs.org/brorand/-/brorand-1.1.0.tgz",
      "integrity": "sha1-EsJe/kCkXjwyPrhnWgoM5XsiNx8="
    },
    "commander": {
      "version": "2.13.0",
      "resolved": "https://registry.npmjs.org/commander/-/commander-2.13.0.tgz",
      "integrity": "sha512-MVuS359B+YzaWqjCL/c+22gfryv+mCBPHAv3zyVI2GN8EY6IRP8VwtasXn8jyyhvvq84R4ImN1OKRtcbIasjYA==",
      "dev": true
    },
    "cross-fetch": {
      "version": "3.0.4",
      "resolved": "https://registry.npmjs.org/cross-fetch/-/cross-fetch-3.0.4.tgz",
      "integrity": "sha512-MSHgpjQqgbT/94D4CyADeNoYh52zMkCX4pcJvPP5WqPsLFMKjr2TCMg381ox5qI0ii2dPwaLx/00477knXqXVw==",
      "requires": {
        "node-fetch": "2.6.0",
        "whatwg-fetch": "3.0.0"
      }
    },
    "elliptic": {
      "version": "6.5.0",
      "resolved": "https://registry.npmjs.org/elliptic/-/elliptic-6.5.0.tgz",
      "integrity": "sha512-eFOJTMyCYb7xtE/caJ6JJu+bhi67WCYNbkGSknu20pmM8Ke/bqOfdnZWxyoGN26JgfxTbXrsCkEw4KheCT/KGg==",
      "requires": {
        "bn.js": "^4.4.0",
        "brorand": "^1.0.1",
        "hash.js": "^1.0.0",
        "hmac-drbg": "^1.0.0",
        "inherits": "^2.0.1",
        "minimalistic-assert": "^1.0.0",
        "minimalistic-crypto-utils": "^1.0.0"
      }
    },
    "ethers": {
      "version": "5.0.0-beta.156",
      "resolved": "https://registry.npmjs.org/ethers/-/ethers-5.0.0-beta.156.tgz",
      "integrity": "sha512-xgat1HpvhulExN49w/5gad71/MA9g8OLQXObX4VTKZf4OR5+03W6zbGY45vWrj3MFB8lZWHqjD1annkRUkcqMQ==",
      "requires": {
        "@ethersproject/abi": ">=5.0.0-beta.137",
        "@ethersproject/abstract-provider": ">=5.0.0-beta.131",
        "@ethersproject/abstract-signer": ">=5.0.0-beta.132",
        "@ethersproject/address": ">=5.0.0-beta.128",
        "@ethersproject/base64": ">=5.0.0-beta.126",
        "@ethersproject/bignumber": ">=5.0.0-beta.130",
        "@ethersproject/bytes": ">=5.0.0-beta.129",
        "@ethersproject/constants": ">=5.0.0-beta.128",
        "@ethersproject/contracts": ">=5.0.0-beta.137",
        "@ethersproject/hash": ">=5.0.0-beta.128",
        "@ethersproject/hdnode": ">=5.0.0-beta.130",
        "@ethersproject/json-wallets": ">=5.0.0-beta.129",
        "@ethersproject/keccak256": ">=5.0.0-beta.127",
        "@ethersproject/logger": ">=5.0.0-beta.129",
        "@ethersproject/networks": ">=5.0.0-beta.129",
        "@ethersproject/pbkdf2": ">=5.0.0-beta.127",
        "@ethersproject/properties": ">=5.0.0-beta.131",
        "@ethersproject/providers": ">=5.0.0-beta.141",
        "@ethersproject/random": ">=5.0.0-beta.128",
        "@ethersproject/rlp": ">=5.0.0-beta.126",
        "@ethersproject/sha2": ">=5.0.0-beta.129",
        "@ethersproject/signing-key": ">=5.0.0-beta.129",
        "@ethersproject/solidity": ">=5.0.0-beta.126",
        "@ethersproject/strings": ">=5.0.0-beta.130",
        "@ethersproject/transactions": ">=5.0.0-beta.128",
        "@ethersproject/units": ">=5.0.0-beta.127",
        "@ethersproject/wallet": ">=5.0.0-beta.130",
        "@ethersproject/web": ">=5.0.0-beta.129",
        "@ethersproject/wordlists": ">=5.0.0-beta.128"
      }
    },
    "hash.js": {
      "version": "1.1.7",
      "resolved": "https://registry.npmjs.org/hash.js/-/hash.js-1.1.7.tgz",
      "integrity": "sha512-taOaskGt4z4SOANNseOviYDvjEJinIkRgmp7LbKP2YTTmVxWBl87s/uzK9r+44BclBSp2X7K1hqeNfz9JbBeXA==",
      "requires": {
        "inherits": "^2.0.3",
        "minimalistic-assert": "^1.0.1"
      }
    },
    "hmac-drbg": {
      "version": "1.0.1",
      "resolved": "https://registry.npmjs.org/hmac-drbg/-/hmac-drbg-1.0.1.tgz",
      "integrity": "sha1-0nRXAQJabHdabFRXk+1QL8DGSaE=",
      "requires": {
        "hash.js": "^1.0.3",
        "minimalistic-assert": "^1.0.0",
        "minimalistic-crypto-utils": "^1.0.1"
      }
    },
    "inherits": {
      "version": "2.0.4",
      "resolved": "https://registry.npmjs.org/inherits/-/inherits-2.0.4.tgz",
      "integrity": "sha512-k/vGaX4/Yla3WzyMCvTQOXYeIHvqOKtnqBduzTHpzpQZzAskKMhZ2K+EnBiSM9zGSoIFeMpXKxa4dYeZIQqewQ=="
    },
    "js-sha3": {
      "version": "0.5.7",
      "resolved": "https://registry.npmjs.org/js-sha3/-/js-sha3-0.5.7.tgz",
      "integrity": "sha1-DU/9gALVMzqrr0oj7tL2N0yfKOc="
    },
    "minimalistic-assert": {
      "version": "1.0.1",
      "resolved": "https://registry.npmjs.org/minimalistic-assert/-/minimalistic-assert-1.0.1.tgz",
      "integrity": "sha512-UtJcAD4yEaGtjPezWuO9wC4nwUnVH/8/Im3yEHQP4b67cXlD/Qr9hdITCU1xDbSEXg2XKNaP8jsReV7vQd00/A=="
    },
    "minimalistic-crypto-utils": {
      "version": "1.0.1",
      "resolved": "https://registry.npmjs.org/minimalistic-crypto-utils/-/minimalistic-crypto-utils-1.0.1.tgz",
      "integrity": "sha1-9sAMHAsIIkblxNmd+4x8CDsrWCo="
    },
    "node-fetch": {
      "version": "2.6.0",
      "resolved": "https://registry.npmjs.org/node-fetch/-/node-fetch-2.6.0.tgz",
      "integrity": "sha512-8dG4H5ujfvFiqDmVu9fQ5bOHUC15JMjMY/Zumv26oOvvVJjM67KF8koCWIabKQ1GJIa9r2mMZscBq/TbdOcmNA=="
    },
    "punycode": {
      "version": "2.1.1",
      "resolved": "https://registry.npmjs.org/punycode/-/punycode-2.1.1.tgz",
      "integrity": "sha512-XRsRjdf+j5ml+y/6GKHPZbrF/8p2Yga0JPtdqTIY2Xe5ohJPD9saDJJLPvp9+NSBprVvevdXZybnj2cv8OEd0A=="
    },
    "rollup": {
      "version": "1.20.3",
      "resolved": "https://registry.npmjs.org/rollup/-/rollup-1.20.3.tgz",
      "integrity": "sha512-/OMCkY0c6E8tleeVm4vQVDz24CkVgvueK3r8zTYu2AQNpjrcaPwO9hE+pWj5LTFrvvkaxt4MYIp2zha4y0lRvg==",
      "requires": {
        "@types/estree": "0.0.39",
        "@types/node": "^12.7.2",
        "acorn": "^7.0.0"
      }
    },
    "scrypt-js": {
      "version": "2.0.4",
      "resolved": "https://registry.npmjs.org/scrypt-js/-/scrypt-js-2.0.4.tgz",
      "integrity": "sha512-4KsaGcPnuhtCZQCxFxN3GVYIhKFPTdLd8PLC552XwbMndtD0cjRFAhDuuydXQ0h08ZfPgzqe6EKHozpuH74iDw=="
    },
    "source-map": {
      "version": "0.6.1",
      "resolved": "https://registry.npmjs.org/source-map/-/source-map-0.6.1.tgz",
      "integrity": "sha512-UjgapumWlbMhkBgzT7Ykc5YXUT46F0iKu8SGXq0bcwP5dz/h0Plj6enJqjz1Zbq2l5WaqYnrVbwWOWMyF3F47g==",
      "dev": true
    },
    "typescript": {
      "version": "3.6.2",
      "resolved": "https://registry.npmjs.org/typescript/-/typescript-3.6.2.tgz",
      "integrity": "sha512-lmQ4L+J6mnu3xweP8+rOrUwzmN+MRAj7TgtJtDaXE5PMyX2kCrklhg3rvOsOIfNeAWMQWO2F1GPc1kMD2vLAfw==",
      "dev": true
    },
    "uglify-es": {
      "version": "3.3.9",
      "resolved": "https://registry.npmjs.org/uglify-es/-/uglify-es-3.3.9.tgz",
      "integrity": "sha512-r+MU0rfv4L/0eeW3xZrd16t4NZfK8Ld4SWVglYBb7ez5uXFWHuVRs6xCTrf1yirs9a4j4Y27nn7SRfO6v67XsQ==",
      "dev": true,
      "requires": {
        "commander": "~2.13.0",
        "source-map": "~0.6.1"
      }
    },
    "uuid": {
      "version": "2.0.1",
      "resolved": "https://registry.npmjs.org/uuid/-/uuid-2.0.1.tgz",
      "integrity": "sha1-wqMN7bPlNdcsz4LjQ5QaULqFM6w="
    },
    "whatwg-fetch": {
      "version": "3.0.0",
      "resolved": "https://registry.npmjs.org/whatwg-fetch/-/whatwg-fetch-3.0.0.tgz",
      "integrity": "sha512-9GSJUgz1D4MfyKU7KRqwOjXCXTqWdFNvEr7eUBYchQiVc744mqK/MzXPNR2WsPkmkOa4ywfg8C2n8h+13Bey1Q=="
    }
  }
}
