{
  "name": "metadata-service",
  "version": "0.0.1",
  "lockfileVersion": 1,
  "requires": true,
  "dependencies": {
    "@ethersproject/abi": {
      "version": "5.0.0-beta.136",
      "resolved": "https://registry.npmjs.org/@ethersproject/abi/-/abi-5.0.0-beta.136.tgz",
      "integrity": "sha512-2CLOIM6mg80iTdsxvbxnlUBkYiuD0BwTx/SexZLg/I2+WLix75o7OQyM3P1sxmXHd6JvU/bkUzbbjI+TWAbzEg==",
      "requires": {
        "@ethersproject/address": ">5.0.0-beta.0",
        "@ethersproject/bignumber": ">5.0.0-beta.0",
        "@ethersproject/bytes": ">5.0.0-beta.0",
        "@ethersproject/constants": ">5.0.0-beta.0",
        "@ethersproject/hash": ">5.0.0-beta.0",
        "@ethersproject/keccak256": ">5.0.0-beta.0",
        "@ethersproject/logger": ">5.0.0-beta.0",
        "@ethersproject/properties": ">5.0.0-beta.0",
        "@ethersproject/strings": ">5.0.0-beta.0"
      }
    },
    "@ethersproject/abstract-provider": {
      "version": "5.0.0-beta.130",
      "resolved": "https://registry.npmjs.org/@ethersproject/abstract-provider/-/abstract-provider-5.0.0-beta.130.tgz",
      "integrity": "sha512-lPrUp9JJ0whHm54bdwPguBHzG1887LRP5OLe3RdPudMCBcZ9yf1gTGAowGig8yDY8cd2UsNDGl3FX0VfVNrM2Q==",
      "requires": {
        "@ethersproject/bignumber": ">5.0.0-beta.0",
        "@ethersproject/bytes": ">5.0.0-beta.0",
        "@ethersproject/logger": ">5.0.0-beta.0",
        "@ethersproject/networks": ">5.0.0-beta.0",
        "@ethersproject/properties": ">5.0.0-beta.0",
        "@ethersproject/transactions": ">5.0.0-beta.0",
        "@ethersproject/web": ">5.0.0-beta.0"
      }
    },
    "@ethersproject/abstract-signer": {
      "version": "5.0.0-beta.131",
      "resolved": "https://registry.npmjs.org/@ethersproject/abstract-signer/-/abstract-signer-5.0.0-beta.131.tgz",
      "integrity": "sha512-S0MDsEdLUJfKF4mPxxGNcTthHcGOAmq22RSw5JC0azp4muXRH7PwWxxmTGGmi0QB+9zaisxmLKUacyv/L74QoQ==",
      "requires": {
        "@ethersproject/abstract-provider": ">5.0.0-beta.0",
        "@ethersproject/bignumber": ">5.0.0-beta.0",
        "@ethersproject/bytes": ">5.0.0-beta.0",
        "@ethersproject/logger": ">5.0.0-beta.0",
        "@ethersproject/properties": ">5.0.0-beta.0"
      }
    },
    "@ethersproject/address": {
      "version": "5.0.0-beta.127",
      "resolved": "https://registry.npmjs.org/@ethersproject/address/-/address-5.0.0-beta.127.tgz",
      "integrity": "sha512-xHENyIzB56DO98Bs8EM4x09ssSS5Iy/7ZCDDwPuXnYefMrLOCrlZYFw1+hKNz27gUVJSQMxIDK/g8J6Gs3pE6g==",
      "requires": {
        "@ethersproject/bignumber": ">5.0.0-beta.0",
        "@ethersproject/bytes": ">5.0.0-beta.0",
        "@ethersproject/keccak256": ">5.0.0-beta.0",
        "@ethersproject/logger": ">5.0.0-beta.0",
        "@ethersproject/rlp": ">5.0.0-beta.0",
        "bn.js": "^4.4.0"
      }
    },
    "@ethersproject/base64": {
      "version": "5.0.0-beta.125",
      "resolved": "https://registry.npmjs.org/@ethersproject/base64/-/base64-5.0.0-beta.125.tgz",
      "integrity": "sha512-Xivjqplse4Pt2a7elPX8QSP9ezNZ70YI6Aevc/t5AL/8kkxiTWvO4dtvjEyqm/d8jU0iSA5o7R44O8g6V6z54g==",
      "requires": {
        "@ethersproject/bytes": ">5.0.0-beta.0"
      }
    },
    "@ethersproject/basex": {
      "version": "5.0.0-beta.126",
      "resolved": "https://registry.npmjs.org/@ethersproject/basex/-/basex-5.0.0-beta.126.tgz",
      "integrity": "sha512-jnlvP9aRhEQv0nn48qC0HFFDkV2WTmUNCXkXi90hUxrjJP8zGJdxsqPGSQU2R2Du4BTHHvxKAcsirGZ6dIGVLA==",
      "requires": {
        "@ethersproject/bytes": ">5.0.0-beta.0",
        "@ethersproject/properties": ">5.0.0-beta.0"
      }
    },
    "@ethersproject/bignumber": {
      "version": "5.0.0-beta.129",
      "resolved": "https://registry.npmjs.org/@ethersproject/bignumber/-/bignumber-5.0.0-beta.129.tgz",
      "integrity": "sha512-uT8tnOWB9OwHq+17YrI/jppVOnqSNfj3WfTBXljb38Vq/oLKMlma7z8KFB4Ua3w0gtK2hawgpI+5M3uE+qxs5w==",
      "requires": {
        "@ethersproject/bytes": ">5.0.0-beta.0",
        "@ethersproject/logger": ">5.0.0-beta.0",
        "@ethersproject/properties": ">5.0.0-beta.0",
        "bn.js": "^4.4.0"
      }
    },
    "@ethersproject/bytes": {
      "version": "5.0.0-beta.128",
      "resolved": "https://registry.npmjs.org/@ethersproject/bytes/-/bytes-5.0.0-beta.128.tgz",
      "integrity": "sha512-LvH0nZ7gR7pJAiAGWa3PxmSZcBtqhU70e9mTWFJirfOpXb8QqomGDdmU3I3cz9PsPnwkv3TD/NYwFRXzlpiiNw==",
      "requires": {
        "@ethersproject/logger": ">5.0.0-beta.0"
      }
    },
    "@ethersproject/constants": {
      "version": "5.0.0-beta.127",
      "resolved": "https://registry.npmjs.org/@ethersproject/constants/-/constants-5.0.0-beta.127.tgz",
      "integrity": "sha512-JNsDHD4w50Rg3kB08FStN1f7vCZ2e428MsDckF7YOQK96l2poC14wrek/GEbaUV96MxubSXmLeV7uDffp8NFew==",
      "requires": {
        "@ethersproject/bignumber": ">5.0.0-beta.0"
      }
    },
    "@ethersproject/contracts": {
      "version": "5.0.0-beta.136",
      "resolved": "https://registry.npmjs.org/@ethersproject/contracts/-/contracts-5.0.0-beta.136.tgz",
      "integrity": "sha512-m46SCwBXb0trrTDBjf8jH8lNVu2H3/9KdmsDxujFgE7Tu6urng9U5upt7cjNpuZ+XuJWXvjBoDEEf7WQojCeYQ==",
      "requires": {
        "@ethersproject/abi": ">5.0.0-beta.0",
        "@ethersproject/abstract-provider": ">5.0.0-beta.0",
        "@ethersproject/abstract-signer": ">5.0.0-beta.0",
        "@ethersproject/address": ">5.0.0-beta.0",
        "@ethersproject/bignumber": ">5.0.0-beta.0",
        "@ethersproject/bytes": ">5.0.0-beta.0",
        "@ethersproject/constants": ">5.0.0-beta.0",
        "@ethersproject/logger": ">5.0.0-beta.0",
        "@ethersproject/properties": ">5.0.0-beta.0",
        "@ethersproject/transactions": ">5.0.0-beta.0"
      }
    },
    "@ethersproject/hash": {
      "version": "5.0.0-beta.127",
      "resolved": "https://registry.npmjs.org/@ethersproject/hash/-/hash-5.0.0-beta.127.tgz",
      "integrity": "sha512-OSRY+tecCCUjipBytwK4anYG1e8lQbrI6LVkKzuAn26n6QVEzRoBK2KDrl8FBgnEGXDJHzZFmULECW4DwYgjUg==",
      "requires": {
        "@ethersproject/bytes": ">5.0.0-beta.0",
        "@ethersproject/keccak256": ">5.0.0-beta.0",
        "@ethersproject/logger": ">5.0.0-beta.0",
        "@ethersproject/strings": ">5.0.0-beta.0"
      }
    },
    "@ethersproject/hdnode": {
      "version": "5.0.0-beta.129",
      "resolved": "https://registry.npmjs.org/@ethersproject/hdnode/-/hdnode-5.0.0-beta.129.tgz",
      "integrity": "sha512-baBSWWkCa3jI4sEbbYshRQ28acggip4V9ZwHbiE30s1PiKper1Z7tvtw9KsHPYEoUKrF8lKHVXpxRpfhnyoItQ==",
      "requires": {
        "@ethersproject/abstract-signer": ">5.0.0-beta.0",
        "@ethersproject/basex": ">5.0.0-beta.0",
        "@ethersproject/bignumber": ">5.0.0-beta.0",
        "@ethersproject/bytes": ">5.0.0-beta.0",
        "@ethersproject/logger": ">5.0.0-beta.0",
        "@ethersproject/pbkdf2": ">5.0.0-beta.0",
        "@ethersproject/properties": ">5.0.0-beta.0",
        "@ethersproject/sha2": ">5.0.0-beta.0",
        "@ethersproject/signing-key": ">5.0.0-beta.0",
        "@ethersproject/strings": ">5.0.0-beta.0",
        "@ethersproject/transactions": ">5.0.0-beta.0",
        "@ethersproject/wordlists": ">5.0.0-beta.0"
      }
    },
    "@ethersproject/json-wallets": {
      "version": "5.0.0-beta.127",
      "resolved": "https://registry.npmjs.org/@ethersproject/json-wallets/-/json-wallets-5.0.0-beta.127.tgz",
      "integrity": "sha512-1W2KQeO546RpD6Ge97HB69uXpL26aE5plAWKLQRZx27fixbf318hoAQwO79bi4AylCAZ0VW4aaJVHPG8aP6EiA==",
      "requires": {
        "@ethersproject/abstract-signer": ">5.0.0-beta.0",
        "@ethersproject/address": ">5.0.0-beta.0",
        "@ethersproject/bytes": ">5.0.0-beta.0",
        "@ethersproject/hdnode": ">5.0.0-beta.0",
        "@ethersproject/keccak256": ">5.0.0-beta.0",
        "@ethersproject/logger": ">5.0.0-beta.0",
        "@ethersproject/pbkdf2": ">5.0.0-beta.0",
        "@ethersproject/properties": ">5.0.0-beta.0",
        "@ethersproject/random": ">5.0.0-beta.0",
        "@ethersproject/strings": ">5.0.0-beta.0",
        "@ethersproject/transactions": ">5.0.0-beta.0",
        "aes-js": "3.0.0",
        "scrypt-js": "2.0.4",
        "uuid": "2.0.1"
      }
    },
    "@ethersproject/keccak256": {
      "version": "5.0.0-beta.126",
      "resolved": "https://registry.npmjs.org/@ethersproject/keccak256/-/keccak256-5.0.0-beta.126.tgz",
      "integrity": "sha512-po/Yh+VakW1etttj7Ll8it9fZdoQBN2GD/6ZyHIIv5Oxh2bdNMruxKGfgsafxbuIvWZmBsQ+6FNJKO1ICdARzQ==",
      "requires": {
        "@ethersproject/bytes": ">5.0.0-beta.0",
        "js-sha3": "0.5.7"
      }
    },
    "@ethersproject/logger": {
      "version": "5.0.0-beta.128",
      "resolved": "https://registry.npmjs.org/@ethersproject/logger/-/logger-5.0.0-beta.128.tgz",
      "integrity": "sha512-9sPvKQRtuBmGCH+vnidQg0BvWXccB8HU2G8oOQAkbg9lAzaRwmFe9V4YwkR4raCZQtpQNdcuxYXF0O6o23XjwA=="
    },
    "@ethersproject/networks": {
      "version": "5.0.0-beta.127",
      "resolved": "https://registry.npmjs.org/@ethersproject/networks/-/networks-5.0.0-beta.127.tgz",
      "integrity": "sha512-5SeRdibxZoOoVow4TdOGtsibs5bjUUgIC2WeGuV9aY9LpXmC1qGwoAwRopwqwMCbxR8x+RVYDIHy248gkmP7Kg==",
      "requires": {
        "@ethersproject/logger": ">5.0.0-beta.0"
      }
    },
    "@ethersproject/pbkdf2": {
      "version": "5.0.0-beta.126",
      "resolved": "https://registry.npmjs.org/@ethersproject/pbkdf2/-/pbkdf2-5.0.0-beta.126.tgz",
      "integrity": "sha512-zLkP764VNHNGPnvhp9qR2BRSa0KlS/M7C2so1E8djJJjKaZMLA5c2c1C7k+t9Tm+qcL90XXRc1VVw2HS7aEo4Q==",
      "requires": {
        "@ethersproject/bytes": ">5.0.0-beta.0",
        "@ethersproject/sha2": ">5.0.0-beta.0"
      }
    },
    "@ethersproject/properties": {
      "version": "5.0.0-beta.130",
      "resolved": "https://registry.npmjs.org/@ethersproject/properties/-/properties-5.0.0-beta.130.tgz",
      "integrity": "sha512-8gdIFHZR7iBEFNpHw9PK9EXhbH/f2rPrgLCULMjKrmltcbkHgalHMws/L0XcEXiR0aQdwh2/oq1GpF1qq2hPEA==",
      "requires": {
        "@ethersproject/logger": ">5.0.0-beta.0"
      }
    },
    "@ethersproject/providers": {
      "version": "5.0.0-beta.138",
      "resolved": "https://registry.npmjs.org/@ethersproject/providers/-/providers-5.0.0-beta.138.tgz",
      "integrity": "sha512-OuDs2JERJmlueygZbM2XawS06cOU0W/3D79XJdLaBFRDgZKaRsbb66Sj6lIEhjwjiRoaOmZLRZkWBBgxUWI8wQ==",
      "requires": {
        "@ethersproject/abstract-provider": ">5.0.0-beta.0",
        "@ethersproject/abstract-signer": ">5.0.0-beta.0",
        "@ethersproject/address": ">5.0.0-beta.0",
        "@ethersproject/bignumber": ">5.0.0-beta.0",
        "@ethersproject/bytes": ">5.0.0-beta.0",
        "@ethersproject/constants": ">5.0.0-beta.0",
        "@ethersproject/hash": ">5.0.0-beta.0",
        "@ethersproject/logger": ">5.0.0-beta.0",
        "@ethersproject/networks": ">5.0.0-beta.0",
        "@ethersproject/properties": ">5.0.0-beta.0",
        "@ethersproject/random": ">5.0.0-beta.0",
        "@ethersproject/rlp": ">5.0.0-beta.0",
        "@ethersproject/strings": ">5.0.0-beta.0",
        "@ethersproject/transactions": ">5.0.0-beta.0",
        "@ethersproject/web": ">5.0.0-beta.0"
      }
    },
    "@ethersproject/random": {
      "version": "5.0.0-beta.127",
      "resolved": "https://registry.npmjs.org/@ethersproject/random/-/random-5.0.0-beta.127.tgz",
      "integrity": "sha512-vuH5vkS9fRhAmdU2KzEkw3Ec59clyLBCBoBUuUQuYnPR2OEK7uLCQK5LGgM5wrINISmwS8SGNyGwTMo+PAx/Bg==",
      "requires": {
        "@ethersproject/bytes": ">5.0.0-beta.0",
        "@ethersproject/logger": ">5.0.0-beta.0"
      }
    },
    "@ethersproject/rlp": {
      "version": "5.0.0-beta.125",
      "resolved": "https://registry.npmjs.org/@ethersproject/rlp/-/rlp-5.0.0-beta.125.tgz",
      "integrity": "sha512-Tn1HZ9+D2sV/6ekyhpYzfGXufulRuWXHrIJnOsm0TkP1cmEH73MvDWyspByN/onrXkkUM9jtBIHY8FmrwnQoOw==",
      "requires": {
        "@ethersproject/bytes": ">5.0.0-beta.0"
      }
    },
    "@ethersproject/sha2": {
      "version": "5.0.0-beta.128",
      "resolved": "https://registry.npmjs.org/@ethersproject/sha2/-/sha2-5.0.0-beta.128.tgz",
      "integrity": "sha512-ZEUDNMdb+x2dE+36GESm5d+Bzt5qx2I7m/twzR/oAWS62MuIUVY0aWv9Snb2zY4wW1A2bDlEuUJkDvrnpl9+MQ==",
      "requires": {
        "@ethersproject/bytes": ">5.0.0-beta.0",
        "@ethersproject/logger": ">5.0.0-beta.0",
        "hash.js": "1.1.3"
      },
      "dependencies": {
        "hash.js": {
          "version": "1.1.3",
          "resolved": "https://registry.npmjs.org/hash.js/-/hash.js-1.1.3.tgz",
          "integrity": "sha512-/UETyP0W22QILqS+6HowevwhEFJ3MBJnwTf75Qob9Wz9t0DPuisL8kW8YZMK62dHAKE1c1p+gY1TtOLY+USEHA==",
          "requires": {
            "inherits": "^2.0.3",
            "minimalistic-assert": "^1.0.0"
          }
        }
      }
    },
    "@ethersproject/signing-key": {
      "version": "5.0.0-beta.128",
      "resolved": "https://registry.npmjs.org/@ethersproject/signing-key/-/signing-key-5.0.0-beta.128.tgz",
      "integrity": "sha512-PPT68+fIX5WfBG4T0dZrU25RjO+MfDhLV5inVlrI8qG2wQUFhQq2zOlZFWRFvgSxJZfR0IY3iA8yhK8NHskV7w==",
      "requires": {
        "@ethersproject/bytes": ">5.0.0-beta.0",
        "@ethersproject/logger": ">5.0.0-beta.0",
        "@ethersproject/properties": ">5.0.0-beta.0",
        "elliptic": "6.3.3"
      }
    },
    "@ethersproject/solidity": {
      "version": "5.0.0-beta.125",
      "resolved": "https://registry.npmjs.org/@ethersproject/solidity/-/solidity-5.0.0-beta.125.tgz",
      "integrity": "sha512-oaw70iQkwYGLPhzKYtnNTPbyhxnL8pbWX46du3tNl3kBv6zf4zUaXlw9whmUO+9G577qVYVbYenWEiAyl3ldmw==",
      "requires": {
        "@ethersproject/bignumber": ">5.0.0-beta.0",
        "@ethersproject/bytes": ">5.0.0-beta.0",
        "@ethersproject/keccak256": ">5.0.0-beta.0",
        "@ethersproject/sha2": ">5.0.0-beta.0",
        "@ethersproject/strings": ">5.0.0-beta.0"
      }
    },
    "@ethersproject/strings": {
      "version": "5.0.0-beta.129",
      "resolved": "https://registry.npmjs.org/@ethersproject/strings/-/strings-5.0.0-beta.129.tgz",
      "integrity": "sha512-jhdHMML3mwjRfYjFqC61VvAzHCCsJwNcehho8MQoa2b5GaCYzFPA5aT+bxjjnDqTYl9ojeNHXweiGvqnCvvunQ==",
      "requires": {
        "@ethersproject/bytes": ">5.0.0-beta.0",
        "@ethersproject/constants": ">5.0.0-beta.0",
        "@ethersproject/logger": ">5.0.0-beta.0"
      }
    },
    "@ethersproject/transactions": {
      "version": "5.0.0-beta.127",
      "resolved": "https://registry.npmjs.org/@ethersproject/transactions/-/transactions-5.0.0-beta.127.tgz",
      "integrity": "sha512-csV5M2cYobhwRh/wffj1wy0BSOuWysKPifb1bdfOz3FAEF+9S3J8LJSkJp99ShawfU787+QriillZTvL42jfqQ==",
      "requires": {
        "@ethersproject/address": ">5.0.0-beta.0",
        "@ethersproject/bignumber": ">5.0.0-beta.0",
        "@ethersproject/bytes": ">5.0.0-beta.0",
        "@ethersproject/constants": ">5.0.0-beta.0",
        "@ethersproject/keccak256": ">5.0.0-beta.0",
        "@ethersproject/logger": ">5.0.0-beta.0",
        "@ethersproject/properties": ">5.0.0-beta.0",
        "@ethersproject/rlp": ">5.0.0-beta.0",
        "@ethersproject/signing-key": ">5.0.0-beta.0"
      }
    },
    "@ethersproject/units": {
      "version": "5.0.0-beta.126",
      "resolved": "https://registry.npmjs.org/@ethersproject/units/-/units-5.0.0-beta.126.tgz",
      "integrity": "sha512-L3JJLG01/Wjj/vLGyK7w/hytOS+jT8L1K1J3UOtJUfavqIi9TOtlHBglz9BeI7RCTp6BGy1brehB/O9+oJkmqA==",
      "requires": {
        "@ethersproject/bignumber": ">5.0.0-beta.0",
        "@ethersproject/constants": ">5.0.0-beta.0",
        "@ethersproject/logger": ">5.0.0-beta.0"
      }
    },
    "@ethersproject/wallet": {
      "version": "5.0.0-beta.129",
      "resolved": "https://registry.npmjs.org/@ethersproject/wallet/-/wallet-5.0.0-beta.129.tgz",
      "integrity": "sha512-BLIwuQ0+alAR2xmPTVhka65GgYvRGM0xN5XV3IBuMWw8qAGQWEsqNBElGxoinKqZ+4DCZp8Fudo6T3tdYURH5A==",
      "requires": {
        "@ethersproject/abstract-provider": ">5.0.0-beta.0",
        "@ethersproject/abstract-signer": ">5.0.0-beta.0",
        "@ethersproject/address": ">5.0.0-beta.0",
        "@ethersproject/bignumber": ">5.0.0-beta.0",
        "@ethersproject/bytes": ">5.0.0-beta.0",
        "@ethersproject/hash": ">5.0.0-beta.0",
        "@ethersproject/hdnode": ">5.0.0-beta.0",
        "@ethersproject/json-wallets": ">5.0.0-beta.0",
        "@ethersproject/keccak256": ">5.0.0-beta.0",
        "@ethersproject/logger": ">5.0.0-beta.0",
        "@ethersproject/properties": ">5.0.0-beta.0",
        "@ethersproject/random": ">5.0.0-beta.0",
        "@ethersproject/signing-key": ">5.0.0-beta.0",
        "@ethersproject/transactions": ">5.0.0-beta.0",
        "@ethersproject/wordlists": ">5.0.0-beta.0"
      }
    },
    "@ethersproject/web": {
      "version": "5.0.0-beta.128",
      "resolved": "https://registry.npmjs.org/@ethersproject/web/-/web-5.0.0-beta.128.tgz",
      "integrity": "sha512-VOaXzEHIKg4XzjWLq5pEiuIbCjrhG0K/bb72LzFyIizSZdAWoHRORwrOya20q2g9RzAeaseTOhBdeiqWvZo0Tw==",
      "requires": {
        "@ethersproject/base64": ">5.0.0-beta.0",
        "@ethersproject/logger": ">5.0.0-beta.0",
        "@ethersproject/properties": ">5.0.0-beta.0",
        "@ethersproject/strings": ">5.0.0-beta.0",
        "cross-fetch": "3.0.4"
      }
    },
    "@ethersproject/wordlists": {
      "version": "5.0.0-beta.127",
      "resolved": "https://registry.npmjs.org/@ethersproject/wordlists/-/wordlists-5.0.0-beta.127.tgz",
      "integrity": "sha512-xOzPMrBbxQdnrZQOTcGusqzf67X9snSYegXGaMBwxu6M3y2p5/8XDT+VaXowBGQJSdihwtt5GI7NrvGxT7uMwQ==",
      "requires": {
        "@ethersproject/bytes": ">5.0.0-beta.0",
        "@ethersproject/hash": ">5.0.0-beta.0",
        "@ethersproject/logger": ">5.0.0-beta.0",
        "@ethersproject/properties": ">5.0.0-beta.0",
        "@ethersproject/strings": ">5.0.0-beta.0"
      }
    },
    "aes-js": {
      "version": "3.0.0",
      "resolved": "https://registry.npmjs.org/aes-js/-/aes-js-3.0.0.tgz",
      "integrity": "sha1-4h3xCtbCBTKVvLuNq0Cwnb6ofk0="
    },
    "agent-base": {
      "version": "4.3.0",
      "resolved": "https://registry.npmjs.org/agent-base/-/agent-base-4.3.0.tgz",
      "integrity": "sha512-salcGninV0nPrwpGNn4VTXBb1SOuXQBiqbrNXoeizJsHrsL6ERFM2Ne3JUSBWRE6aeNJI2ROP/WEEIDUiDe3cg==",
      "requires": {
        "es6-promisify": "^5.0.0"
      }
    },
    "ansi-styles": {
      "version": "3.2.1",
      "resolved": "https://registry.npmjs.org/ansi-styles/-/ansi-styles-3.2.1.tgz",
      "integrity": "sha512-VT0ZI6kZRdTh8YyJw3SMbYm/u+NqfsAxEpWO0Pf9sq8/e94WxxOpPKx9FR1FlyCtOVDNOQ+8ntlqFxiRc+r5qA==",
      "requires": {
        "color-convert": "^1.9.0"
      }
    },
    "async-limiter": {
      "version": "1.0.1",
      "resolved": "https://registry.npmjs.org/async-limiter/-/async-limiter-1.0.1.tgz",
      "integrity": "sha512-csOlWGAcRFJaI6m+F2WKdnMKr4HhdhFVBk0H/QbJFMCr+uO2kwohwXQPxw/9OCxp05r5ghVBFSyioixx3gfkNQ=="
    },
    "balanced-match": {
      "version": "1.0.0",
      "resolved": "https://registry.npmjs.org/balanced-match/-/balanced-match-1.0.0.tgz",
      "integrity": "sha1-ibTRmasr7kneFk6gK4nORi1xt2c="
    },
    "bn.js": {
      "version": "4.11.8",
      "resolved": "https://registry.npmjs.org/bn.js/-/bn.js-4.11.8.tgz",
      "integrity": "sha512-ItfYfPLkWHUjckQCk8xC+LwxgK8NYcXywGigJgSwOP8Y2iyWT4f2vsZnoOXTTbo+o5yXmIUJ4gn5538SO5S3gA=="
    },
    "brace-expansion": {
      "version": "1.1.11",
      "resolved": "https://registry.npmjs.org/brace-expansion/-/brace-expansion-1.1.11.tgz",
      "integrity": "sha512-iCuPHDFgrHX7H2vEI/5xpz07zSHB00TpugqhmYtVmMO6518mCuRMoOYFldEBl0g187ufozdaHgWKcYFb61qGiA==",
      "requires": {
        "balanced-match": "^1.0.0",
        "concat-map": "0.0.1"
      }
    },
    "brorand": {
      "version": "1.1.0",
      "resolved": "https://registry.npmjs.org/brorand/-/brorand-1.1.0.tgz",
      "integrity": "sha1-EsJe/kCkXjwyPrhnWgoM5XsiNx8="
    },
    "buffer-from": {
      "version": "1.1.1",
      "resolved": "https://registry.npmjs.org/buffer-from/-/buffer-from-1.1.1.tgz",
      "integrity": "sha512-MQcXEUbCKtEo7bhqEs6560Hyd4XaovZlO/k9V3hjVUF/zwW7KBVdSK4gIt/bzwS9MbR5qob+F5jusZsb0YQK2A=="
    },
    "chalk": {
      "version": "2.4.2",
      "resolved": "https://registry.npmjs.org/chalk/-/chalk-2.4.2.tgz",
      "integrity": "sha512-Mti+f9lpJNcwF4tWV8/OrTTtF1gZi+f8FqlyAdouralcFWFQWF2+NgCHShjkCb+IFBLq9buZwE1xckQU4peSuQ==",
      "requires": {
        "ansi-styles": "^3.2.1",
        "escape-string-regexp": "^1.0.5",
        "supports-color": "^5.3.0"
      }
    },
    "color-convert": {
      "version": "1.9.3",
      "resolved": "https://registry.npmjs.org/color-convert/-/color-convert-1.9.3.tgz",
      "integrity": "sha512-QfAUtd+vFdAtFQcC8CCyYt1fYWxSqAiK2cSD6zDB8N3cpsEBAvRxp9zOGg6G/SHHJYAT88/az/IuDGALsNVbGg==",
      "requires": {
        "color-name": "1.1.3"
      }
    },
    "color-name": {
      "version": "1.1.3",
      "resolved": "https://registry.npmjs.org/color-name/-/color-name-1.1.3.tgz",
      "integrity": "sha1-p9BVi9icQveV3UIyj3QIMcpTvCU="
    },
    "commander": {
      "version": "2.20.0",
      "resolved": "https://registry.npmjs.org/commander/-/commander-2.20.0.tgz",
      "integrity": "sha512-7j2y+40w61zy6YC2iRNpUe/NwhNyoXrYpHMrSunaMG64nRnaf96zO/KMQR4OyN/UnE5KLyEBnKHd4aG3rskjpQ=="
    },
    "concat-map": {
      "version": "0.0.1",
      "resolved": "https://registry.npmjs.org/concat-map/-/concat-map-0.0.1.tgz",
      "integrity": "sha1-2Klr13/Wjfd5OnMDajug1UBdR3s="
    },
    "concat-stream": {
      "version": "1.6.2",
      "resolved": "https://registry.npmjs.org/concat-stream/-/concat-stream-1.6.2.tgz",
      "integrity": "sha512-27HBghJxjiZtIk3Ycvn/4kbJk/1uZuJFfuPEns6LaEvpvG1f0hTea8lilrouyo9mVc2GWdcEZ8OLoGmSADlrCw==",
      "requires": {
        "buffer-from": "^1.0.0",
        "inherits": "^2.0.3",
        "readable-stream": "^2.2.2",
        "typedarray": "^0.0.6"
      }
    },
    "convert-svg-core": {
      "version": "0.5.0",
      "resolved": "https://registry.npmjs.org/convert-svg-core/-/convert-svg-core-0.5.0.tgz",
      "integrity": "sha512-V30vm5h4sHjmjyAr7o/gYAEmdEIsi0sLKKbDigSxplovCzMHTERXSikIOgA8xSllHh0c4gHYP55Pxwgtu9O+3w==",
      "requires": {
        "chalk": "^2.4.1",
        "commander": "^2.19.0",
        "file-url": "^2.0.2",
        "get-stdin": "^6.0.0",
        "glob": "^7.1.3",
        "lodash.omit": "^4.5.0",
        "lodash.pick": "^4.4.0",
        "pollock": "^0.2.0",
        "puppeteer": "^1.10.0",
        "tmp": "0.0.33"
      }
    },
    "convert-svg-to-png": {
      "version": "0.5.0",
      "resolved": "https://registry.npmjs.org/convert-svg-to-png/-/convert-svg-to-png-0.5.0.tgz",
      "integrity": "sha512-Pzg2IEirPdN/VXovG9NY8H5Ww3PUEohMcyu9a11E0G0/oVcbPLWQYE3/S6mxpjidqzYr1i5iKLTKCiU9hctKFQ==",
      "requires": {
        "convert-svg-core": "^0.5.0"
      }
    },
    "core-util-is": {
      "version": "1.0.2",
      "resolved": "https://registry.npmjs.org/core-util-is/-/core-util-is-1.0.2.tgz",
      "integrity": "sha1-tf1UIgqivFq1eqtxQMlAdUUDwac="
    },
    "cross-fetch": {
      "version": "3.0.4",
      "resolved": "https://registry.npmjs.org/cross-fetch/-/cross-fetch-3.0.4.tgz",
      "integrity": "sha512-MSHgpjQqgbT/94D4CyADeNoYh52zMkCX4pcJvPP5WqPsLFMKjr2TCMg381ox5qI0ii2dPwaLx/00477knXqXVw==",
      "requires": {
        "node-fetch": "2.6.0",
        "whatwg-fetch": "3.0.0"
      }
    },
    "debug": {
      "version": "4.1.1",
      "resolved": "https://registry.npmjs.org/debug/-/debug-4.1.1.tgz",
      "integrity": "sha512-pYAIzeRo8J6KPEaJ0VWOh5Pzkbw/RetuzehGM7QRRX5he4fPHx2rdKMB256ehJCkX+XRQm16eZLqLNS8RSZXZw==",
      "requires": {
        "ms": "^2.1.1"
      }
    },
    "elliptic": {
      "version": "6.3.3",
      "resolved": "https://registry.npmjs.org/elliptic/-/elliptic-6.3.3.tgz",
      "integrity": "sha1-VILZZG1UvLif19mU/J4ulWiHbj8=",
      "requires": {
        "bn.js": "^4.4.0",
        "brorand": "^1.0.1",
        "hash.js": "^1.0.0",
        "inherits": "^2.0.1"
      }
    },
    "es6-promise": {
      "version": "4.2.8",
      "resolved": "https://registry.npmjs.org/es6-promise/-/es6-promise-4.2.8.tgz",
      "integrity": "sha512-HJDGx5daxeIvxdBxvG2cb9g4tEvwIk3i8+nhX0yGrYmZUzbkdg8QbDevheDB8gd0//uPj4c1EQua8Q+MViT0/w=="
    },
    "es6-promisify": {
      "version": "5.0.0",
      "resolved": "https://registry.npmjs.org/es6-promisify/-/es6-promisify-5.0.0.tgz",
      "integrity": "sha1-UQnWLz5W6pZ8S2NQWu8IKRyKUgM=",
      "requires": {
        "es6-promise": "^4.0.3"
      }
    },
    "escape-string-regexp": {
      "version": "1.0.5",
      "resolved": "https://registry.npmjs.org/escape-string-regexp/-/escape-string-regexp-1.0.5.tgz",
      "integrity": "sha1-G2HAViGQqN/2rjuyzwIAyhMLhtQ="
    },
    "ethers": {
      "version": "5.0.0-beta.153",
      "resolved": "https://registry.npmjs.org/ethers/-/ethers-5.0.0-beta.153.tgz",
      "integrity": "sha512-dWjdlcVt8JOVpHRILmIeTrEqMrfplYRxEs63dAqAmmU3vCabnW8gOY1xQ5cJZDJUj7+DGI4+tRMJfQPyCAUSRQ==",
      "requires": {
        "@ethersproject/abi": ">5.0.0-beta.0",
        "@ethersproject/abstract-provider": ">5.0.0-beta.0",
        "@ethersproject/abstract-signer": ">5.0.0-beta.0",
        "@ethersproject/address": ">5.0.0-beta.0",
        "@ethersproject/base64": ">5.0.0-beta.0",
        "@ethersproject/bignumber": ">5.0.0-beta.0",
        "@ethersproject/bytes": ">5.0.0-beta.0",
        "@ethersproject/constants": ">5.0.0-beta.0",
        "@ethersproject/contracts": ">5.0.0-beta.0",
        "@ethersproject/hash": ">5.0.0-beta.0",
        "@ethersproject/hdnode": ">5.0.0-beta.0",
        "@ethersproject/json-wallets": ">5.0.0-beta.0",
        "@ethersproject/keccak256": ">5.0.0-beta.0",
        "@ethersproject/logger": ">5.0.0-beta.0",
        "@ethersproject/networks": ">5.0.0-beta.0",
        "@ethersproject/pbkdf2": ">5.0.0-beta.0",
        "@ethersproject/properties": ">5.0.0-beta.0",
        "@ethersproject/providers": ">5.0.0-beta.0",
        "@ethersproject/random": ">5.0.0-beta.0",
        "@ethersproject/rlp": ">5.0.0-beta.0",
        "@ethersproject/sha2": ">5.0.0-beta.0",
        "@ethersproject/signing-key": ">5.0.0-beta.0",
        "@ethersproject/solidity": ">5.0.0-beta.0",
        "@ethersproject/strings": ">5.0.0-beta.0",
        "@ethersproject/transactions": ">5.0.0-beta.0",
        "@ethersproject/units": ">5.0.0-beta.0",
        "@ethersproject/wallet": ">5.0.0-beta.0",
        "@ethersproject/web": ">5.0.0-beta.0",
        "@ethersproject/wordlists": ">5.0.0-beta.0"
      }
    },
    "extract-zip": {
      "version": "1.6.7",
      "resolved": "https://registry.npmjs.org/extract-zip/-/extract-zip-1.6.7.tgz",
      "integrity": "sha1-qEC0uK9kAyZMjbV/Txp0Mz74H+k=",
      "requires": {
        "concat-stream": "1.6.2",
        "debug": "2.6.9",
        "mkdirp": "0.5.1",
        "yauzl": "2.4.1"
      },
      "dependencies": {
        "debug": {
          "version": "2.6.9",
          "resolved": "https://registry.npmjs.org/debug/-/debug-2.6.9.tgz",
          "integrity": "sha512-bC7ElrdJaJnPbAP+1EotYvqZsb3ecl5wi6Bfi6BJTUcNowp6cvspg0jXznRTKDjm/E7AdgFBVeAPVMNcKGsHMA==",
          "requires": {
            "ms": "2.0.0"
          }
        },
        "ms": {
          "version": "2.0.0",
          "resolved": "https://registry.npmjs.org/ms/-/ms-2.0.0.tgz",
          "integrity": "sha1-VgiurfwAvmwpAd9fmGF4jeDVl8g="
        }
      }
    },
    "fd-slicer": {
      "version": "1.0.1",
      "resolved": "https://registry.npmjs.org/fd-slicer/-/fd-slicer-1.0.1.tgz",
      "integrity": "sha1-i1vL2ewyfFBBv5qwI/1nUPEXfmU=",
      "requires": {
        "pend": "~1.2.0"
      }
    },
    "file-url": {
      "version": "2.0.2",
      "resolved": "https://registry.npmjs.org/file-url/-/file-url-2.0.2.tgz",
      "integrity": "sha1-6VF4TXkJUSfTcTApqwY/QIGMoq4="
    },
    "fs.realpath": {
      "version": "1.0.0",
      "resolved": "https://registry.npmjs.org/fs.realpath/-/fs.realpath-1.0.0.tgz",
      "integrity": "sha1-FQStJSMVjKpA20onh8sBQRmU6k8="
    },
    "get-stdin": {
      "version": "6.0.0",
      "resolved": "https://registry.npmjs.org/get-stdin/-/get-stdin-6.0.0.tgz",
      "integrity": "sha512-jp4tHawyV7+fkkSKyvjuLZswblUtz+SQKzSWnBbii16BuZksJlU1wuBYXY75r+duh/llF1ur6oNwi+2ZzjKZ7g=="
    },
    "glob": {
      "version": "7.1.4",
      "resolved": "https://registry.npmjs.org/glob/-/glob-7.1.4.tgz",
      "integrity": "sha512-hkLPepehmnKk41pUGm3sYxoFs/umurYfYJCerbXEyFIWcAzvpipAgVkBqqT9RBKMGjnq6kMuyYwha6csxbiM1A==",
      "requires": {
        "fs.realpath": "^1.0.0",
        "inflight": "^1.0.4",
        "inherits": "2",
        "minimatch": "^3.0.4",
        "once": "^1.3.0",
        "path-is-absolute": "^1.0.0"
      }
    },
    "has-flag": {
      "version": "3.0.0",
      "resolved": "https://registry.npmjs.org/has-flag/-/has-flag-3.0.0.tgz",
      "integrity": "sha1-tdRU3CGZriJWmfNGfloH87lVuv0="
    },
    "hash.js": {
      "version": "1.1.7",
      "resolved": "https://registry.npmjs.org/hash.js/-/hash.js-1.1.7.tgz",
      "integrity": "sha512-taOaskGt4z4SOANNseOviYDvjEJinIkRgmp7LbKP2YTTmVxWBl87s/uzK9r+44BclBSp2X7K1hqeNfz9JbBeXA==",
      "requires": {
        "inherits": "^2.0.3",
        "minimalistic-assert": "^1.0.1"
      }
    },
    "https-proxy-agent": {
      "version": "2.2.2",
      "resolved": "https://registry.npmjs.org/https-proxy-agent/-/https-proxy-agent-2.2.2.tgz",
      "integrity": "sha512-c8Ndjc9Bkpfx/vCJueCPy0jlP4ccCCSNDp8xwCZzPjKJUm+B+u9WX2x98Qx4n1PiMNTWo3D7KK5ifNV/yJyRzg==",
      "requires": {
        "agent-base": "^4.3.0",
        "debug": "^3.1.0"
      },
      "dependencies": {
        "debug": {
          "version": "3.2.6",
          "resolved": "https://registry.npmjs.org/debug/-/debug-3.2.6.tgz",
          "integrity": "sha512-mel+jf7nrtEl5Pn1Qx46zARXKDpBbvzezse7p7LqINmdoIk8PYP5SySaxEmYv6TZ0JyEKA1hsCId6DIhgITtWQ==",
          "requires": {
            "ms": "^2.1.1"
          }
        }
      }
    },
    "inflight": {
      "version": "1.0.6",
      "resolved": "https://registry.npmjs.org/inflight/-/inflight-1.0.6.tgz",
      "integrity": "sha1-Sb1jMdfQLQwJvJEKEHW6gWW1bfk=",
      "requires": {
        "once": "^1.3.0",
        "wrappy": "1"
      }
    },
    "inherits": {
      "version": "2.0.4",
      "resolved": "https://registry.npmjs.org/inherits/-/inherits-2.0.4.tgz",
      "integrity": "sha512-k/vGaX4/Yla3WzyMCvTQOXYeIHvqOKtnqBduzTHpzpQZzAskKMhZ2K+EnBiSM9zGSoIFeMpXKxa4dYeZIQqewQ=="
    },
    "isarray": {
      "version": "1.0.0",
      "resolved": "https://registry.npmjs.org/isarray/-/isarray-1.0.0.tgz",
      "integrity": "sha1-u5NdSFgsuhaMBoNJV6VKPgcSTxE="
    },
    "js-sha3": {
      "version": "0.5.7",
      "resolved": "https://registry.npmjs.org/js-sha3/-/js-sha3-0.5.7.tgz",
      "integrity": "sha1-DU/9gALVMzqrr0oj7tL2N0yfKOc="
    },
    "lodash.omit": {
      "version": "4.5.0",
      "resolved": "https://registry.npmjs.org/lodash.omit/-/lodash.omit-4.5.0.tgz",
      "integrity": "sha1-brGa5aHuHdnfC5aeZs4Lf6MLXmA="
    },
    "lodash.pick": {
      "version": "4.4.0",
      "resolved": "https://registry.npmjs.org/lodash.pick/-/lodash.pick-4.4.0.tgz",
      "integrity": "sha1-UvBWEP/53tQiYRRB7R/BI6AwAbM="
    },
    "mime": {
      "version": "2.4.4",
      "resolved": "https://registry.npmjs.org/mime/-/mime-2.4.4.tgz",
      "integrity": "sha512-LRxmNwziLPT828z+4YkNzloCFC2YM4wrB99k+AV5ZbEyfGNWfG8SO1FUXLmLDBSo89NrJZ4DIWeLjy1CHGhMGA=="
    },
    "minimalistic-assert": {
      "version": "1.0.1",
      "resolved": "https://registry.npmjs.org/minimalistic-assert/-/minimalistic-assert-1.0.1.tgz",
      "integrity": "sha512-UtJcAD4yEaGtjPezWuO9wC4nwUnVH/8/Im3yEHQP4b67cXlD/Qr9hdITCU1xDbSEXg2XKNaP8jsReV7vQd00/A=="
    },
    "minimatch": {
      "version": "3.0.4",
      "resolved": "https://registry.npmjs.org/minimatch/-/minimatch-3.0.4.tgz",
      "integrity": "sha512-yJHVQEhyqPLUTgt9B83PXu6W3rx4MvvHvSUvToogpwoGDOUQ+yDrR0HRot+yOCdCO7u4hX3pWft6kWBBcqh0UA==",
      "requires": {
        "brace-expansion": "^1.1.7"
      }
    },
    "minimist": {
      "version": "0.0.8",
      "resolved": "https://registry.npmjs.org/minimist/-/minimist-0.0.8.tgz",
      "integrity": "sha1-hX/Kv8M5fSYluCKCYuhqp6ARsF0="
    },
    "mkdirp": {
      "version": "0.5.1",
      "resolved": "https://registry.npmjs.org/mkdirp/-/mkdirp-0.5.1.tgz",
      "integrity": "sha1-MAV0OOrGz3+MR2fzhkjWaX11yQM=",
      "requires": {
        "minimist": "0.0.8"
      }
    },
    "ms": {
      "version": "2.1.2",
      "resolved": "https://registry.npmjs.org/ms/-/ms-2.1.2.tgz",
      "integrity": "sha512-sGkPx+VjMtmA6MX27oA4FBFELFCZZ4S4XqeGOXCv68tT+jb3vk/RyaKWP0PTKyWtmLSM0b+adUTEvbs1PEaH2w=="
    },
    "node-fetch": {
      "version": "2.6.0",
      "resolved": "https://registry.npmjs.org/node-fetch/-/node-fetch-2.6.0.tgz",
      "integrity": "sha512-8dG4H5ujfvFiqDmVu9fQ5bOHUC15JMjMY/Zumv26oOvvVJjM67KF8koCWIabKQ1GJIa9r2mMZscBq/TbdOcmNA=="
    },
    "once": {
      "version": "1.4.0",
      "resolved": "https://registry.npmjs.org/once/-/once-1.4.0.tgz",
      "integrity": "sha1-WDsap3WWHUsROsF9nFC6753Xa9E=",
      "requires": {
        "wrappy": "1"
      }
    },
    "os-tmpdir": {
      "version": "1.0.2",
      "resolved": "https://registry.npmjs.org/os-tmpdir/-/os-tmpdir-1.0.2.tgz",
      "integrity": "sha1-u+Z0BseaqFxc/sdm/lc0VV36EnQ="
    },
    "path-is-absolute": {
      "version": "1.0.1",
      "resolved": "https://registry.npmjs.org/path-is-absolute/-/path-is-absolute-1.0.1.tgz",
      "integrity": "sha1-F0uSaHNVNP+8es5r9TpanhtcX18="
    },
    "pend": {
      "version": "1.2.0",
      "resolved": "https://registry.npmjs.org/pend/-/pend-1.2.0.tgz",
      "integrity": "sha1-elfrVQpng/kRUzH89GY9XI4AelA="
    },
    "pollock": {
      "version": "0.2.1",
      "resolved": "https://registry.npmjs.org/pollock/-/pollock-0.2.1.tgz",
      "integrity": "sha512-2Xy6LImSXm0ANKv9BKSVuCa6Z4ACbK7oUrl9gtUgqLkekL7n9C0mlWsOGYYuGbCG8xT0x3Q4F31C3ZMyVQjwsg=="
    },
    "process-nextick-args": {
      "version": "2.0.1",
      "resolved": "https://registry.npmjs.org/process-nextick-args/-/process-nextick-args-2.0.1.tgz",
      "integrity": "sha512-3ouUOpQhtgrbOa17J7+uxOTpITYWaGP7/AhoR3+A+/1e9skrzelGi/dXzEYyvbxubEF6Wn2ypscTKiKJFFn1ag=="
    },
    "progress": {
      "version": "2.0.3",
      "resolved": "https://registry.npmjs.org/progress/-/progress-2.0.3.tgz",
      "integrity": "sha512-7PiHtLll5LdnKIMw100I+8xJXR5gW2QwWYkT6iJva0bXitZKa/XMrSbdmg3r2Xnaidz9Qumd0VPaMrZlF9V9sA=="
    },
    "proxy-from-env": {
      "version": "1.0.0",
      "resolved": "https://registry.npmjs.org/proxy-from-env/-/proxy-from-env-1.0.0.tgz",
      "integrity": "sha1-M8UDmPcOp+uW0h97gXYwpVeRx+4="
    },
    "punycode": {
      "version": "2.1.1",
      "resolved": "https://registry.npmjs.org/punycode/-/punycode-2.1.1.tgz",
      "integrity": "sha512-XRsRjdf+j5ml+y/6GKHPZbrF/8p2Yga0JPtdqTIY2Xe5ohJPD9saDJJLPvp9+NSBprVvevdXZybnj2cv8OEd0A=="
    },
    "puppeteer": {
      "version": "1.19.0",
      "resolved": "https://registry.npmjs.org/puppeteer/-/puppeteer-1.19.0.tgz",
      "integrity": "sha512-2S6E6ygpoqcECaagDbBopoSOPDv0pAZvTbnBgUY+6hq0/XDFDOLEMNlHF/SKJlzcaZ9ckiKjKDuueWI3FN/WXw==",
      "requires": {
        "debug": "^4.1.0",
        "extract-zip": "^1.6.6",
        "https-proxy-agent": "^2.2.1",
        "mime": "^2.0.3",
        "progress": "^2.0.1",
        "proxy-from-env": "^1.0.0",
        "rimraf": "^2.6.1",
        "ws": "^6.1.0"
      }
    },
    "readable-stream": {
      "version": "2.3.6",
      "resolved": "https://registry.npmjs.org/readable-stream/-/readable-stream-2.3.6.tgz",
      "integrity": "sha512-tQtKA9WIAhBF3+VLAseyMqZeBjW0AHJoxOtYqSUZNJxauErmLbVm2FW1y+J/YA9dUrAC39ITejlZWhVIwawkKw==",
      "requires": {
        "core-util-is": "~1.0.0",
        "inherits": "~2.0.3",
        "isarray": "~1.0.0",
        "process-nextick-args": "~2.0.0",
        "safe-buffer": "~5.1.1",
        "string_decoder": "~1.1.1",
        "util-deprecate": "~1.0.1"
      }
    },
    "rimraf": {
      "version": "2.6.3",
      "resolved": "https://registry.npmjs.org/rimraf/-/rimraf-2.6.3.tgz",
      "integrity": "sha512-mwqeW5XsA2qAejG46gYdENaxXjx9onRNCfn7L0duuP4hCuTIi/QO7PDK07KJfp1d+izWPrzEJDcSqBa0OZQriA==",
      "requires": {
        "glob": "^7.1.3"
      }
    },
    "safe-buffer": {
      "version": "5.1.2",
      "resolved": "https://registry.npmjs.org/safe-buffer/-/safe-buffer-5.1.2.tgz",
      "integrity": "sha512-Gd2UZBJDkXlY7GbJxfsE8/nvKkUEU1G38c1siN6QP6a9PT9MmHB8GnpscSmMJSoF8LOIrt8ud/wPtojys4G6+g=="
    },
    "scrypt-js": {
      "version": "2.0.4",
      "resolved": "https://registry.npmjs.org/scrypt-js/-/scrypt-js-2.0.4.tgz",
      "integrity": "sha512-4KsaGcPnuhtCZQCxFxN3GVYIhKFPTdLd8PLC552XwbMndtD0cjRFAhDuuydXQ0h08ZfPgzqe6EKHozpuH74iDw=="
    },
    "string_decoder": {
      "version": "1.1.1",
      "resolved": "https://registry.npmjs.org/string_decoder/-/string_decoder-1.1.1.tgz",
      "integrity": "sha512-n/ShnvDi6FHbbVfviro+WojiFzv+s8MPMHBczVePfUpDJLwoLT0ht1l4YwBCbi8pJAveEEdnkHyPyTP/mzRfwg==",
      "requires": {
        "safe-buffer": "~5.1.0"
      }
    },
    "supports-color": {
      "version": "5.5.0",
      "resolved": "https://registry.npmjs.org/supports-color/-/supports-color-5.5.0.tgz",
      "integrity": "sha512-QjVjwdXIt408MIiAqCX4oUKsgU2EqAGzs2Ppkm4aQYbjm+ZEWEcW4SfFNTr4uMNZma0ey4f5lgLrkB0aX0QMow==",
      "requires": {
        "has-flag": "^3.0.0"
      }
    },
    "takoyaki": {
      "version": "0.0.10",
      "resolved": "https://registry.npmjs.org/takoyaki/-/takoyaki-0.0.10.tgz",
      "integrity": "sha512-A/g1HsDJuzoNYGXyDT00b2pkuQVOx6j35Dv3W34b3vIuYc9jCLZdKMZxmL9y2gq+A2wCQO3Rm0aOddKjcRldeA==",
      "requires": {
        "ethers": ">=5.0.0-beta.146",
        "inherits": "^2.0.4",
        "punycode": "2.1.1"
      }
    },
    "tmp": {
      "version": "0.0.33",
      "resolved": "https://registry.npmjs.org/tmp/-/tmp-0.0.33.tgz",
      "integrity": "sha512-jRCJlojKnZ3addtTOjdIqoRuPEKBvNXcGYqzO6zWZX8KfKEpnGY5jfggJQ3EjKuu8D4bJRr0y+cYJFmYbImXGw==",
      "requires": {
        "os-tmpdir": "~1.0.2"
      }
    },
    "typedarray": {
      "version": "0.0.6",
      "resolved": "https://registry.npmjs.org/typedarray/-/typedarray-0.0.6.tgz",
      "integrity": "sha1-hnrHTjhkGHsdPUfZlqeOxciDB3c="
    },
    "util-deprecate": {
      "version": "1.0.2",
      "resolved": "https://registry.npmjs.org/util-deprecate/-/util-deprecate-1.0.2.tgz",
      "integrity": "sha1-RQ1Nyfpw3nMnYvvS1KKJgUGaDM8="
    },
    "uuid": {
      "version": "2.0.1",
      "resolved": "https://registry.npmjs.org/uuid/-/uuid-2.0.1.tgz",
      "integrity": "sha1-wqMN7bPlNdcsz4LjQ5QaULqFM6w="
    },
    "whatwg-fetch": {
      "version": "3.0.0",
      "resolved": "https://registry.npmjs.org/whatwg-fetch/-/whatwg-fetch-3.0.0.tgz",
      "integrity": "sha512-9GSJUgz1D4MfyKU7KRqwOjXCXTqWdFNvEr7eUBYchQiVc744mqK/MzXPNR2WsPkmkOa4ywfg8C2n8h+13Bey1Q=="
    },
    "wrappy": {
      "version": "1.0.2",
      "resolved": "https://registry.npmjs.org/wrappy/-/wrappy-1.0.2.tgz",
      "integrity": "sha1-tSQ9jz7BqjXxNkYFvA0QNuMKtp8="
    },
    "ws": {
      "version": "6.2.1",
      "resolved": "https://registry.npmjs.org/ws/-/ws-6.2.1.tgz",
      "integrity": "sha512-GIyAXC2cB7LjvpgMt9EKS2ldqr0MTrORaleiOno6TweZ6r3TKtoFQWay/2PceJ3RuBasOHzXNn5Lrw1X0bEjqA==",
      "requires": {
        "async-limiter": "~1.0.0"
      }
    },
    "yauzl": {
      "version": "2.4.1",
      "resolved": "https://registry.npmjs.org/yauzl/-/yauzl-2.4.1.tgz",
      "integrity": "sha1-lSj0QtqxsihOWLQ3m7GU4i4MQAU=",
      "requires": {
        "fd-slicer": "~1.0.1"
      }
    }
  }
}
